PODS:
  - AFNetworking (2.6.2):
    - AFNetworking/NSURLConnection (= 2.6.2)
    - AFNetworking/NSURLSession (= 2.6.2)
    - AFNetworking/Reachability (= 2.6.2)
    - AFNetworking/Security (= 2.6.2)
    - AFNetworking/Serialization (= 2.6.2)
    - AFNetworking/UIKit (= 2.6.2)
  - AFNetworking/NSURLConnection (2.6.2):
    - AFNetworking/Reachability
    - AFNetworking/Security
    - AFNetworking/Serialization
  - AFNetworking/NSURLSession (2.6.2):
    - AFNetworking/Reachability
    - AFNetworking/Security
    - AFNetworking/Serialization
  - AFNetworking/Reachability (2.6.2)
  - AFNetworking/Security (2.6.2)
  - AFNetworking/Serialization (2.6.2)
  - AFNetworking/UIKit (2.6.2):
    - AFNetworking/NSURLConnection
    - AFNetworking/NSURLSession
  - Masonry (0.6.3)
  - MJExtension (3.0.3)
  - WMPageController (1.2.0)

DEPENDENCIES:
  - AFNetworking
  - Masonry
  - MJExtension
  - WMPageController

SPEC CHECKSUMS:
  AFNetworking: 7f317038a9710cabfa43ec56396b307b45df72ab
  Masonry: ff105a956abcd19a618b2028b121cb638d7a8e2f
  MJExtension: de557e1c48ef3212590d3203764c8003fae68815
  WMPageController: 61e5998f9fee1a0e934c483302f1ed5984a23368

COCOAPODS: 0.39.0
