// !$*UTF8*$!
{
	archiveVersion = 1;
	classes = {
	};
	objectVersion = 46;
	objects = {

/* Begin PBXBuildFile section */
		88E72A791C62FA1700D4DA50 /* MusicDetailCell.m in Sources */ = {isa = PBXBuildFile; fileRef = 88E72A781C62FA1700D4DA50 /* MusicDetailCell.m */; };
		C2074A8E1BF209E00094E70D /* HRNavigationController.m in Sources */ = {isa = PBXBuildFile; fileRef = C2074A7F1BF209E00094E70D /* HRNavigationController.m */; };
		C2074A8F1BF209E00094E70D /* HRTabBarController.m in Sources */ = {isa = PBXBuildFile; fileRef = C2074A811BF209E00094E70D /* HRTabBarController.m */; };
		C2074A901BF209E00094E70D /* BaseModel.m in Sources */ = {isa = PBXBuildFile; fileRef = C2074A841BF209E00094E70D /* BaseModel.m */; };
		C2074A911BF209E00094E70D /* BaseNetManager.m in Sources */ = {isa = PBXBuildFile; fileRef = C2074A871BF209E00094E70D /* BaseNetManager.m */; };
		C2074A921BF209E00094E70D /* HRPlayView.m in Sources */ = {isa = PBXBuildFile; fileRef = C2074A8A1BF209E00094E70D /* HRPlayView.m */; };
		C2074A931BF209E00094E70D /* BaseViewModel.m in Sources */ = {isa = PBXBuildFile; fileRef = C2074A8D1BF209E00094E70D /* BaseViewModel.m */; };
		C2074A991BF212C00094E70D /* CategoryViewController.m in Sources */ = {isa = PBXBuildFile; fileRef = C2074A981BF212C00094E70D /* CategoryViewController.m */; };
		C2074A9C1BF212CE0094E70D /* LiveViewController.m in Sources */ = {isa = PBXBuildFile; fileRef = C2074A9B1BF212CE0094E70D /* LiveViewController.m */; };
		C2074A9F1BF212FC0094E70D /* AnchorViewController.m in Sources */ = {isa = PBXBuildFile; fileRef = C2074A9E1BF212FC0094E70D /* AnchorViewController.m */; };
		C2074AA21BF2132C0094E70D /* RankingViewController.m in Sources */ = {isa = PBXBuildFile; fileRef = C2074AA11BF2132C0094E70D /* RankingViewController.m */; };
		C209ED8C1C00486B00CE5907 /* SpecialModel.m in Sources */ = {isa = PBXBuildFile; fileRef = C209ED8B1C00486B00CE5907 /* SpecialModel.m */; };
		C209ED8F1C00494A00CE5907 /* SpecialMoreViewController.m in Sources */ = {isa = PBXBuildFile; fileRef = C209ED8E1C00494A00CE5907 /* SpecialMoreViewController.m */; };
		C209ED921C0049AA00CE5907 /* SpecialMoreViewMoel.m in Sources */ = {isa = PBXBuildFile; fileRef = C209ED911C0049AA00CE5907 /* SpecialMoreViewMoel.m */; };
		C21382371BFAB1E800DD1FB1 /* AnchorCell.m in Sources */ = {isa = PBXBuildFile; fileRef = C21382361BFAB1E800DD1FB1 /* AnchorCell.m */; };
		C231FA4B1BF6FF45001064D1 /* DiscoveryCell.m in Sources */ = {isa = PBXBuildFile; fileRef = C231FA4A1BF6FF45001064D1 /* DiscoveryCell.m */; };
		C231FA4E1BF70FC6001064D1 /* SpecialCell.m in Sources */ = {isa = PBXBuildFile; fileRef = C231FA4D1BF70FC6001064D1 /* SpecialCell.m */; };
		C23417EE1BF35A0700DE52FA /* FindPutCell.m in Sources */ = {isa = PBXBuildFile; fileRef = C23417ED1BF35A0700DE52FA /* FindPutCell.m */; };
		C2567E1E1C0733F600016313 /* TracksViewModel.m in Sources */ = {isa = PBXBuildFile; fileRef = C2567E1D1C0733F600016313 /* TracksViewModel.m */; };
		C268A9021BF4A58200FEB50C /* HomePageViewModel.m in Sources */ = {isa = PBXBuildFile; fileRef = C268A9011BF4A58200FEB50C /* HomePageViewModel.m */; };
		C268A9051BF4A5A900FEB50C /* HomePageNetManager.m in Sources */ = {isa = PBXBuildFile; fileRef = C268A9041BF4A5A900FEB50C /* HomePageNetManager.m */; };
		C268A9081BF4A62200FEB50C /* HomePageModel.m in Sources */ = {isa = PBXBuildFile; fileRef = C268A9071BF4A62200FEB50C /* HomePageModel.m */; };
		C268A90B1BF4A68400FEB50C /* FindTabsModel.m in Sources */ = {isa = PBXBuildFile; fileRef = C268A90A1BF4A68400FEB50C /* FindTabsModel.m */; };
		C268A90E1BF4BAC300FEB50C /* TitleView.m in Sources */ = {isa = PBXBuildFile; fileRef = C268A90D1BF4BAC300FEB50C /* TitleView.m */; };
		C268A9111BF4C50000FEB50C /* MoreButton.m in Sources */ = {isa = PBXBuildFile; fileRef = C268A9101BF4C50000FEB50C /* MoreButton.m */; };
		C26B965B1BF0B3CC005355A7 /* main.m in Sources */ = {isa = PBXBuildFile; fileRef = C26B965A1BF0B3CC005355A7 /* main.m */; };
		C26B965E1BF0B3CC005355A7 /* AppDelegate.m in Sources */ = {isa = PBXBuildFile; fileRef = C26B965D1BF0B3CC005355A7 /* AppDelegate.m */; };
		C26B96641BF0B3CC005355A7 /* Main.storyboard in Resources */ = {isa = PBXBuildFile; fileRef = C26B96621BF0B3CC005355A7 /* Main.storyboard */; };
		C26B96661BF0B3CC005355A7 /* Assets.xcassets in Resources */ = {isa = PBXBuildFile; fileRef = C26B96651BF0B3CC005355A7 /* Assets.xcassets */; };
		C26B96691BF0B3CC005355A7 /* LaunchScreen.storyboard in Resources */ = {isa = PBXBuildFile; fileRef = C26B96671BF0B3CC005355A7 /* LaunchScreen.storyboard */; };
		C26B969A1BF0BBD9005355A7 /* HRMeViewController.m in Sources */ = {isa = PBXBuildFile; fileRef = C26B96991BF0BBD9005355A7 /* HRMeViewController.m */; };
		C26B96A01BF0BC2F005355A7 /* HRDownloadViewController.m in Sources */ = {isa = PBXBuildFile; fileRef = C26B969F1BF0BC2F005355A7 /* HRDownloadViewController.m */; };
		C26B96A31BF0BC45005355A7 /* HRFindViewController.m in Sources */ = {isa = PBXBuildFile; fileRef = C26B96A21BF0BC45005355A7 /* HRFindViewController.m */; };
		C26B96A61BF0BC5B005355A7 /* HRSoundViewController.m in Sources */ = {isa = PBXBuildFile; fileRef = C26B96A51BF0BC5B005355A7 /* HRSoundViewController.m */; };
		C26B96C01BF0CEA4005355A7 /* FindTabsNetManager.m in Sources */ = {isa = PBXBuildFile; fileRef = C26B96BF1BF0CEA4005355A7 /* FindTabsNetManager.m */; };
		C27242941BFEC9D10082769D /* MoreCategoryCell.m in Sources */ = {isa = PBXBuildFile; fileRef = C27242931BFEC9D10082769D /* MoreCategoryCell.m */; };
		C272429A1BFF501B0082769D /* FocusImageScrollView.m in Sources */ = {isa = PBXBuildFile; fileRef = C27242991BFF501B0082769D /* FocusImageScrollView.m */; };
		C2902A2D1C02B885001875FA /* AttentionViewController.m in Sources */ = {isa = PBXBuildFile; fileRef = C2902A281C02B885001875FA /* AttentionViewController.m */; };
		C2902A2E1C02B885001875FA /* CollectViewController.m in Sources */ = {isa = PBXBuildFile; fileRef = C2902A2A1C02B885001875FA /* CollectViewController.m */; };
		C2902A2F1C02B885001875FA /* HistoryViewController.m in Sources */ = {isa = PBXBuildFile; fileRef = C2902A2C1C02B885001875FA /* HistoryViewController.m */; };
		C2902A321C02B8E1001875FA /* AlbumViewController.m in Sources */ = {isa = PBXBuildFile; fileRef = C2902A311C02B8E1001875FA /* AlbumViewController.m */; };
		C2902A351C02B90F001875FA /* SoundViewController.m in Sources */ = {isa = PBXBuildFile; fileRef = C2902A341C02B90F001875FA /* SoundViewController.m */; };
		C2902A381C02B93A001875FA /* DownloadingViewController.m in Sources */ = {isa = PBXBuildFile; fileRef = C2902A371C02B93A001875FA /* DownloadingViewController.m */; };
		C2902A3C1C02C0A4001875FA /* MeSetting.storyboard in Resources */ = {isa = PBXBuildFile; fileRef = C2902A3B1C02C0A4001875FA /* MeSetting.storyboard */; };
		C2902A3F1C0300B0001875FA /* SettingViewController.m in Sources */ = {isa = PBXBuildFile; fileRef = C2902A3E1C0300B0001875FA /* SettingViewController.m */; };
		C2902A481C0349CB001875FA /* DestinationModel.m in Sources */ = {isa = PBXBuildFile; fileRef = C2902A471C0349CB001875FA /* DestinationModel.m */; };
		C29AAA281C000B360041BC7C /* EditorMoreViewController.m in Sources */ = {isa = PBXBuildFile; fileRef = C29AAA271C000B360041BC7C /* EditorMoreViewController.m */; };
		C29AAA2B1C000B9C0041BC7C /* EditorModel.m in Sources */ = {isa = PBXBuildFile; fileRef = C29AAA2A1C000B9C0041BC7C /* EditorModel.m */; };
		C29AAA2E1C00189E0041BC7C /* EditorMoreViewModel.m in Sources */ = {isa = PBXBuildFile; fileRef = C29AAA2D1C00189E0041BC7C /* EditorMoreViewModel.m */; };
		C29AAA311C001A4A0041BC7C /* MoreViewModel.m in Sources */ = {isa = PBXBuildFile; fileRef = C29AAA301C001A4A0041BC7C /* MoreViewModel.m */; };
		C29AAA341C001E1B0041BC7C /* EditorCell.m in Sources */ = {isa = PBXBuildFile; fileRef = C29AAA331C001E1B0041BC7C /* EditorCell.m */; };
		C29E27301C1711EA0079B1C7 /* ContentShowView.m in Sources */ = {isa = PBXBuildFile; fileRef = C29E272F1C1711EA0079B1C7 /* ContentShowView.m */; };
		C2BB1A571BFC2C5D00963584 /* LiveRadioCell.m in Sources */ = {isa = PBXBuildFile; fileRef = C2BB1A561BFC2C5D00963584 /* LiveRadioCell.m */; };
		C2BB1A601BFC5D6600963584 /* NSString+PJR.m in Sources */ = {isa = PBXBuildFile; fileRef = C2BB1A5B1BFC5D6600963584 /* NSString+PJR.m */; };
		C2BB1A621BFC5D6600963584 /* UIView+Extesion.m in Sources */ = {isa = PBXBuildFile; fileRef = C2BB1A5F1BFC5D6600963584 /* UIView+Extesion.m */; };
		C2BB1A651BFC5E1F00963584 /* MBProgressHUD+HR.m in Sources */ = {isa = PBXBuildFile; fileRef = C2BB1A641BFC5E1F00963584 /* MBProgressHUD+HR.m */; };
		C2BB1A681BFCAF5100963584 /* MenusModel.m in Sources */ = {isa = PBXBuildFile; fileRef = C2BB1A671BFCAF5100963584 /* MenusModel.m */; };
		C2BB1A6B1BFCAFC300963584 /* ContentsModel.m in Sources */ = {isa = PBXBuildFile; fileRef = C2BB1A6A1BFCAFC300963584 /* ContentsModel.m */; };
		C2BB1A6E1BFCB13100963584 /* MoreCotentNetManager.m in Sources */ = {isa = PBXBuildFile; fileRef = C2BB1A6D1BFCB13100963584 /* MoreCotentNetManager.m */; };
		C2CFA7F91BFACD3100251B87 /* AnchorView.m in Sources */ = {isa = PBXBuildFile; fileRef = C2CFA7F81BFACD3100251B87 /* AnchorView.m */; };
		C2CFA7FF1BFAD9E700251B87 /* AnchorModel.m in Sources */ = {isa = PBXBuildFile; fileRef = C2CFA7FE1BFAD9E700251B87 /* AnchorModel.m */; };
		C2CFA8021BFADCB200251B87 /* AnchorViewModel.m in Sources */ = {isa = PBXBuildFile; fileRef = C2CFA8011BFADCB200251B87 /* AnchorViewModel.m */; };
		C2CFA8051BFB0CA100251B87 /* RankModel.m in Sources */ = {isa = PBXBuildFile; fileRef = C2CFA8041BFB0CA100251B87 /* RankModel.m */; };
		C2CFA8081BFB0E9D00251B87 /* RankCell.m in Sources */ = {isa = PBXBuildFile; fileRef = C2CFA8071BFB0E9D00251B87 /* RankCell.m */; };
		C2CFA80B1BFB153400251B87 /* RankViewModel.m in Sources */ = {isa = PBXBuildFile; fileRef = C2CFA80A1BFB153400251B87 /* RankViewModel.m */; };
		C2CFA8141BFB469000251B87 /* LiveModel.m in Sources */ = {isa = PBXBuildFile; fileRef = C2CFA8131BFB469000251B87 /* LiveModel.m */; };
		C2CFA8171BFB4A2A00251B87 /* LiveViewModel.m in Sources */ = {isa = PBXBuildFile; fileRef = C2CFA8161BFB4A2A00251B87 /* LiveViewModel.m */; };
		C2CFA81D1BFB4C2B00251B87 /* LiveRecommandCell.m in Sources */ = {isa = PBXBuildFile; fileRef = C2CFA81C1BFB4C2B00251B87 /* LiveRecommandCell.m */; };
		C2CFA8201BFB4C5100251B87 /* LiveTopCell.m in Sources */ = {isa = PBXBuildFile; fileRef = C2CFA81F1BFB4C5100251B87 /* LiveTopCell.m */; };
		C2D050DB1BF5C0FA002C6F3E /* GuessLikeModel.m in Sources */ = {isa = PBXBuildFile; fileRef = C2D050DA1BF5C0FA002C6F3E /* GuessLikeModel.m */; };
		C2D050DE1BF5C53B002C6F3E /* HomePageViewController.m in Sources */ = {isa = PBXBuildFile; fileRef = C2D050DD1BF5C53B002C6F3E /* HomePageViewController.m */; };
		C2E848871BF96E4700366E8A /* CategoryCommonCell.m in Sources */ = {isa = PBXBuildFile; fileRef = C2E848861BF96E4700366E8A /* CategoryCommonCell.m */; };
		C2E8488A1BF9821B00366E8A /* CategoryButton.m in Sources */ = {isa = PBXBuildFile; fileRef = C2E848891BF9821B00366E8A /* CategoryButton.m */; };
		C2E848DD1BF9F41400366E8A /* cell_common.png in Resources */ = {isa = PBXBuildFile; fileRef = C2E848DC1BF9F41400366E8A /* cell_common.png */; };
		C2E848E31BF9F6A200366E8A /* CategoryViewModel.m in Sources */ = {isa = PBXBuildFile; fileRef = C2E848E21BF9F6A200366E8A /* CategoryViewModel.m */; };
		C2EA1BB41C05D2E8000A4CC3 /* IconNameView.m in Sources */ = {isa = PBXBuildFile; fileRef = C2EA1BB31C05D2E8000A4CC3 /* IconNameView.m */; };
		C2EA1BB71C05D317000A4CC3 /* DescView.m in Sources */ = {isa = PBXBuildFile; fileRef = C2EA1BB61C05D317000A4CC3 /* DescView.m */; };
		C2EA1BBA1C05E63A000A4CC3 /* PicView.m in Sources */ = {isa = PBXBuildFile; fileRef = C2EA1BB91C05E63A000A4CC3 /* PicView.m */; };
		C2EB4EAD1BFD6E8F005115C5 /* MoreViewController.m in Sources */ = {isa = PBXBuildFile; fileRef = C2EB4EAC1BFD6E8F005115C5 /* MoreViewController.m */; };
		C2EB4EB01BFDACCB005115C5 /* ContentCategoryModel.m in Sources */ = {isa = PBXBuildFile; fileRef = C2EB4EAF1BFDACCB005115C5 /* ContentCategoryModel.m */; };
		C2EB4EB31BFDB0E1005115C5 /* MoreCategoryViewController.m in Sources */ = {isa = PBXBuildFile; fileRef = C2EB4EB21BFDB0E1005115C5 /* MoreCategoryViewController.m */; };
		C2EB4EB91BFDB457005115C5 /* MoreRecommendController.m in Sources */ = {isa = PBXBuildFile; fileRef = C2EB4EB81BFDB457005115C5 /* MoreRecommendController.m */; };
		C2EB4EBC1BFDB5AD005115C5 /* MoreContentViewModel.m in Sources */ = {isa = PBXBuildFile; fileRef = C2EB4EBB1BFDB5AD005115C5 /* MoreContentViewModel.m */; };
		C2EB4EBF1BFDE981005115C5 /* MoreCategoryViewModel.m in Sources */ = {isa = PBXBuildFile; fileRef = C2EB4EBE1BFDE981005115C5 /* MoreCategoryViewModel.m */; };
		C2EB4EC21BFE0366005115C5 /* JumpViewController.m in Sources */ = {isa = PBXBuildFile; fileRef = C2EB4EC11BFE0366005115C5 /* JumpViewController.m */; };
		C2EFFECE1C0951480079B973 /* AVFoundation.framework in Frameworks */ = {isa = PBXBuildFile; fileRef = C2EFFECD1C0951480079B973 /* AVFoundation.framework */; };
		C2F21A291BF864BA00CB5397 /* iCarousel.m in Sources */ = {isa = PBXBuildFile; fileRef = C2F21A281BF864BA00CB5397 /* iCarousel.m */; };
		C2F21A361BF881BA00CB5397 /* CategoryModel.m in Sources */ = {isa = PBXBuildFile; fileRef = C2F21A351BF881BA00CB5397 /* CategoryModel.m */; };
		C2F21A3C1BF8882500CB5397 /* CategorySpecialCell.m in Sources */ = {isa = PBXBuildFile; fileRef = C2F21A3B1BF8882500CB5397 /* CategorySpecialCell.m */; };
		C2FB99D71C04793C0093E1F3 /* DestinationViewController.m in Sources */ = {isa = PBXBuildFile; fileRef = C2FB99D61C04793C0093E1F3 /* DestinationViewController.m */; };
		C2FB99DA1C04950D0093E1F3 /* AlbumHeaderView.m in Sources */ = {isa = PBXBuildFile; fileRef = C2FB99D91C04950D0093E1F3 /* AlbumHeaderView.m */; };
		C2FB99DD1C049B890093E1F3 /* SectionView.m in Sources */ = {isa = PBXBuildFile; fileRef = C2FB99DC1C049B890093E1F3 /* SectionView.m */; };
		E74D0709017F5FAED54C36BF /* libPods-喜马拉雅FM(高仿品).a in Frameworks */ = {isa = PBXBuildFile; fileRef = 2770EFEF7EFBE8C9EDBE6516 /* libPods-喜马拉雅FM(高仿品).a */; };
/* End PBXBuildFile section */

/* Begin PBXFileReference section */
		06CE8AF170C863B14C64F3F2 /* Pods-喜马拉雅FM(高仿品).debug.xcconfig */ = {isa = PBXFileReference; includeInIndex = 1; lastKnownFileType = text.xcconfig; name = "Pods-喜马拉雅FM(高仿品).debug.xcconfig"; path = "Pods/Target Support Files/Pods-喜马拉雅FM(高仿品)/Pods-喜马拉雅FM(高仿品).debug.xcconfig"; sourceTree = "<group>"; };
		2770EFEF7EFBE8C9EDBE6516 /* libPods-喜马拉雅FM(高仿品).a */ = {isa = PBXFileReference; explicitFileType = archive.ar; includeInIndex = 0; path = "libPods-喜马拉雅FM(高仿品).a"; sourceTree = BUILT_PRODUCTS_DIR; };
		88E72A771C62FA1700D4DA50 /* MusicDetailCell.h */ = {isa = PBXFileReference; fileEncoding = 4; lastKnownFileType = sourcecode.c.h; path = MusicDetailCell.h; sourceTree = "<group>"; };
		88E72A781C62FA1700D4DA50 /* MusicDetailCell.m */ = {isa = PBXFileReference; fileEncoding = 4; lastKnownFileType = sourcecode.c.objc; path = MusicDetailCell.m; sourceTree = "<group>"; };
		B562FBACC6A279829FE6E3E3 /* Pods-喜马拉雅FM(高仿品).release.xcconfig */ = {isa = PBXFileReference; includeInIndex = 1; lastKnownFileType = text.xcconfig; name = "Pods-喜马拉雅FM(高仿品).release.xcconfig"; path = "Pods/Target Support Files/Pods-喜马拉雅FM(高仿品)/Pods-喜马拉雅FM(高仿品).release.xcconfig"; sourceTree = "<group>"; };
		C2074A7E1BF209E00094E70D /* HRNavigationController.h */ = {isa = PBXFileReference; fileEncoding = 4; lastKnownFileType = sourcecode.c.h; path = HRNavigationController.h; sourceTree = "<group>"; };
		C2074A7F1BF209E00094E70D /* HRNavigationController.m */ = {isa = PBXFileReference; fileEncoding = 4; lastKnownFileType = sourcecode.c.objc; path = HRNavigationController.m; sourceTree = "<group>"; };
		C2074A801BF209E00094E70D /* HRTabBarController.h */ = {isa = PBXFileReference; fileEncoding = 4; lastKnownFileType = sourcecode.c.h; path = HRTabBarController.h; sourceTree = "<group>"; };
		C2074A811BF209E00094E70D /* HRTabBarController.m */ = {isa = PBXFileReference; fileEncoding = 4; lastKnownFileType = sourcecode.c.objc; path = HRTabBarController.m; sourceTree = "<group>"; };
		C2074A831BF209E00094E70D /* BaseModel.h */ = {isa = PBXFileReference; fileEncoding = 4; lastKnownFileType = sourcecode.c.h; path = BaseModel.h; sourceTree = "<group>"; };
		C2074A841BF209E00094E70D /* BaseModel.m */ = {isa = PBXFileReference; fileEncoding = 4; lastKnownFileType = sourcecode.c.objc; path = BaseModel.m; sourceTree = "<group>"; };
		C2074A861BF209E00094E70D /* BaseNetManager.h */ = {isa = PBXFileReference; fileEncoding = 4; lastKnownFileType = sourcecode.c.h; path = BaseNetManager.h; sourceTree = "<group>"; };
		C2074A871BF209E00094E70D /* BaseNetManager.m */ = {isa = PBXFileReference; fileEncoding = 4; lastKnownFileType = sourcecode.c.objc; path = BaseNetManager.m; sourceTree = "<group>"; };
		C2074A891BF209E00094E70D /* HRPlayView.h */ = {isa = PBXFileReference; fileEncoding = 4; lastKnownFileType = sourcecode.c.h; path = HRPlayView.h; sourceTree = "<group>"; };
		C2074A8A1BF209E00094E70D /* HRPlayView.m */ = {isa = PBXFileReference; fileEncoding = 4; lastKnownFileType = sourcecode.c.objc; path = HRPlayView.m; sourceTree = "<group>"; };
		C2074A8C1BF209E00094E70D /* BaseViewModel.h */ = {isa = PBXFileReference; fileEncoding = 4; lastKnownFileType = sourcecode.c.h; path = BaseViewModel.h; sourceTree = "<group>"; };
		C2074A8D1BF209E00094E70D /* BaseViewModel.m */ = {isa = PBXFileReference; fileEncoding = 4; lastKnownFileType = sourcecode.c.objc; path = BaseViewModel.m; sourceTree = "<group>"; };
		C2074A971BF212C00094E70D /* CategoryViewController.h */ = {isa = PBXFileReference; fileEncoding = 4; lastKnownFileType = sourcecode.c.h; path = CategoryViewController.h; sourceTree = "<group>"; };
		C2074A981BF212C00094E70D /* CategoryViewController.m */ = {isa = PBXFileReference; fileEncoding = 4; lastKnownFileType = sourcecode.c.objc; path = CategoryViewController.m; sourceTree = "<group>"; };
		C2074A9A1BF212CE0094E70D /* LiveViewController.h */ = {isa = PBXFileReference; fileEncoding = 4; lastKnownFileType = sourcecode.c.h; path = LiveViewController.h; sourceTree = "<group>"; };
		C2074A9B1BF212CE0094E70D /* LiveViewController.m */ = {isa = PBXFileReference; fileEncoding = 4; lastKnownFileType = sourcecode.c.objc; path = LiveViewController.m; sourceTree = "<group>"; };
		C2074A9D1BF212FC0094E70D /* AnchorViewController.h */ = {isa = PBXFileReference; fileEncoding = 4; lastKnownFileType = sourcecode.c.h; path = AnchorViewController.h; sourceTree = "<group>"; };
		C2074A9E1BF212FC0094E70D /* AnchorViewController.m */ = {isa = PBXFileReference; fileEncoding = 4; lastKnownFileType = sourcecode.c.objc; path = AnchorViewController.m; sourceTree = "<group>"; };
		C2074AA01BF2132C0094E70D /* RankingViewController.h */ = {isa = PBXFileReference; fileEncoding = 4; lastKnownFileType = sourcecode.c.h; path = RankingViewController.h; sourceTree = "<group>"; };
		C2074AA11BF2132C0094E70D /* RankingViewController.m */ = {isa = PBXFileReference; fileEncoding = 4; lastKnownFileType = sourcecode.c.objc; path = RankingViewController.m; sourceTree = "<group>"; };
		C209ED8A1C00486B00CE5907 /* SpecialModel.h */ = {isa = PBXFileReference; fileEncoding = 4; lastKnownFileType = sourcecode.c.h; path = SpecialModel.h; sourceTree = "<group>"; };
		C209ED8B1C00486B00CE5907 /* SpecialModel.m */ = {isa = PBXFileReference; fileEncoding = 4; lastKnownFileType = sourcecode.c.objc; path = SpecialModel.m; sourceTree = "<group>"; };
		C209ED8D1C00494A00CE5907 /* SpecialMoreViewController.h */ = {isa = PBXFileReference; fileEncoding = 4; lastKnownFileType = sourcecode.c.h; path = SpecialMoreViewController.h; sourceTree = "<group>"; };
		C209ED8E1C00494A00CE5907 /* SpecialMoreViewController.m */ = {isa = PBXFileReference; fileEncoding = 4; lastKnownFileType = sourcecode.c.objc; path = SpecialMoreViewController.m; sourceTree = "<group>"; };
		C209ED901C0049AA00CE5907 /* SpecialMoreViewMoel.h */ = {isa = PBXFileReference; fileEncoding = 4; lastKnownFileType = sourcecode.c.h; path = SpecialMoreViewMoel.h; sourceTree = "<group>"; };
		C209ED911C0049AA00CE5907 /* SpecialMoreViewMoel.m */ = {isa = PBXFileReference; fileEncoding = 4; lastKnownFileType = sourcecode.c.objc; path = SpecialMoreViewMoel.m; sourceTree = "<group>"; };
		C21382351BFAB1E800DD1FB1 /* AnchorCell.h */ = {isa = PBXFileReference; fileEncoding = 4; lastKnownFileType = sourcecode.c.h; path = AnchorCell.h; sourceTree = "<group>"; };
		C21382361BFAB1E800DD1FB1 /* AnchorCell.m */ = {isa = PBXFileReference; fileEncoding = 4; lastKnownFileType = sourcecode.c.objc; path = AnchorCell.m; sourceTree = "<group>"; };
		C231FA491BF6FF45001064D1 /* DiscoveryCell.h */ = {isa = PBXFileReference; fileEncoding = 4; lastKnownFileType = sourcecode.c.h; path = DiscoveryCell.h; sourceTree = "<group>"; };
		C231FA4A1BF6FF45001064D1 /* DiscoveryCell.m */ = {isa = PBXFileReference; fileEncoding = 4; lastKnownFileType = sourcecode.c.objc; path = DiscoveryCell.m; sourceTree = "<group>"; };
		C231FA4C1BF70FC6001064D1 /* SpecialCell.h */ = {isa = PBXFileReference; fileEncoding = 4; lastKnownFileType = sourcecode.c.h; path = SpecialCell.h; sourceTree = "<group>"; };
		C231FA4D1BF70FC6001064D1 /* SpecialCell.m */ = {isa = PBXFileReference; fileEncoding = 4; lastKnownFileType = sourcecode.c.objc; path = SpecialCell.m; sourceTree = "<group>"; };
		C23417EC1BF35A0700DE52FA /* FindPutCell.h */ = {isa = PBXFileReference; fileEncoding = 4; lastKnownFileType = sourcecode.c.h; path = FindPutCell.h; sourceTree = "<group>"; };
		C23417ED1BF35A0700DE52FA /* FindPutCell.m */ = {isa = PBXFileReference; fileEncoding = 4; lastKnownFileType = sourcecode.c.objc; path = FindPutCell.m; sourceTree = "<group>"; };
		C2567E1C1C0733F600016313 /* TracksViewModel.h */ = {isa = PBXFileReference; fileEncoding = 4; lastKnownFileType = sourcecode.c.h; path = TracksViewModel.h; sourceTree = "<group>"; };
		C2567E1D1C0733F600016313 /* TracksViewModel.m */ = {isa = PBXFileReference; fileEncoding = 4; lastKnownFileType = sourcecode.c.objc; path = TracksViewModel.m; sourceTree = "<group>"; };
		C268A9001BF4A58200FEB50C /* HomePageViewModel.h */ = {isa = PBXFileReference; fileEncoding = 4; lastKnownFileType = sourcecode.c.h; path = HomePageViewModel.h; sourceTree = "<group>"; };
		C268A9011BF4A58200FEB50C /* HomePageViewModel.m */ = {isa = PBXFileReference; fileEncoding = 4; lastKnownFileType = sourcecode.c.objc; path = HomePageViewModel.m; sourceTree = "<group>"; };
		C268A9031BF4A5A900FEB50C /* HomePageNetManager.h */ = {isa = PBXFileReference; fileEncoding = 4; lastKnownFileType = sourcecode.c.h; path = HomePageNetManager.h; sourceTree = "<group>"; };
		C268A9041BF4A5A900FEB50C /* HomePageNetManager.m */ = {isa = PBXFileReference; fileEncoding = 4; lastKnownFileType = sourcecode.c.objc; path = HomePageNetManager.m; sourceTree = "<group>"; };
		C268A9061BF4A62200FEB50C /* HomePageModel.h */ = {isa = PBXFileReference; fileEncoding = 4; lastKnownFileType = sourcecode.c.h; path = HomePageModel.h; sourceTree = "<group>"; };
		C268A9071BF4A62200FEB50C /* HomePageModel.m */ = {isa = PBXFileReference; fileEncoding = 4; lastKnownFileType = sourcecode.c.objc; path = HomePageModel.m; sourceTree = "<group>"; };
		C268A9091BF4A68400FEB50C /* FindTabsModel.h */ = {isa = PBXFileReference; fileEncoding = 4; lastKnownFileType = sourcecode.c.h; path = FindTabsModel.h; sourceTree = "<group>"; };
		C268A90A1BF4A68400FEB50C /* FindTabsModel.m */ = {isa = PBXFileReference; fileEncoding = 4; lastKnownFileType = sourcecode.c.objc; path = FindTabsModel.m; sourceTree = "<group>"; };
		C268A90C1BF4BAC300FEB50C /* TitleView.h */ = {isa = PBXFileReference; fileEncoding = 4; lastKnownFileType = sourcecode.c.h; path = TitleView.h; sourceTree = "<group>"; };
		C268A90D1BF4BAC300FEB50C /* TitleView.m */ = {isa = PBXFileReference; fileEncoding = 4; lastKnownFileType = sourcecode.c.objc; path = TitleView.m; sourceTree = "<group>"; };
		C268A90F1BF4C50000FEB50C /* MoreButton.h */ = {isa = PBXFileReference; fileEncoding = 4; lastKnownFileType = sourcecode.c.h; path = MoreButton.h; sourceTree = "<group>"; };
		C268A9101BF4C50000FEB50C /* MoreButton.m */ = {isa = PBXFileReference; fileEncoding = 4; lastKnownFileType = sourcecode.c.objc; path = MoreButton.m; sourceTree = "<group>"; };
		C26B96561BF0B3CC005355A7 /* 喜马拉雅FM(高仿品).app */ = {isa = PBXFileReference; explicitFileType = wrapper.application; includeInIndex = 0; path = "喜马拉雅FM(高仿品).app"; sourceTree = BUILT_PRODUCTS_DIR; };
		C26B965A1BF0B3CC005355A7 /* main.m */ = {isa = PBXFileReference; lastKnownFileType = sourcecode.c.objc; path = main.m; sourceTree = "<group>"; };
		C26B965C1BF0B3CC005355A7 /* AppDelegate.h */ = {isa = PBXFileReference; lastKnownFileType = sourcecode.c.h; path = AppDelegate.h; sourceTree = "<group>"; };
		C26B965D1BF0B3CC005355A7 /* AppDelegate.m */ = {isa = PBXFileReference; lastKnownFileType = sourcecode.c.objc; path = AppDelegate.m; sourceTree = "<group>"; };
		C26B96631BF0B3CC005355A7 /* Base */ = {isa = PBXFileReference; lastKnownFileType = file.storyboard; name = Base; path = Base.lproj/Main.storyboard; sourceTree = "<group>"; };
		C26B96651BF0B3CC005355A7 /* Assets.xcassets */ = {isa = PBXFileReference; lastKnownFileType = folder.assetcatalog; path = Assets.xcassets; sourceTree = "<group>"; };
		C26B96681BF0B3CC005355A7 /* Base */ = {isa = PBXFileReference; lastKnownFileType = file.storyboard; name = Base; path = Base.lproj/LaunchScreen.storyboard; sourceTree = "<group>"; };
		C26B966A1BF0B3CC005355A7 /* Info.plist */ = {isa = PBXFileReference; lastKnownFileType = text.plist.xml; path = Info.plist; sourceTree = "<group>"; };
		C26B96981BF0BBD9005355A7 /* HRMeViewController.h */ = {isa = PBXFileReference; fileEncoding = 4; lastKnownFileType = sourcecode.c.h; path = HRMeViewController.h; sourceTree = "<group>"; };
		C26B96991BF0BBD9005355A7 /* HRMeViewController.m */ = {isa = PBXFileReference; fileEncoding = 4; lastKnownFileType = sourcecode.c.objc; path = HRMeViewController.m; sourceTree = "<group>"; };
		C26B969E1BF0BC2F005355A7 /* HRDownloadViewController.h */ = {isa = PBXFileReference; fileEncoding = 4; lastKnownFileType = sourcecode.c.h; path = HRDownloadViewController.h; sourceTree = "<group>"; };
		C26B969F1BF0BC2F005355A7 /* HRDownloadViewController.m */ = {isa = PBXFileReference; fileEncoding = 4; lastKnownFileType = sourcecode.c.objc; path = HRDownloadViewController.m; sourceTree = "<group>"; };
		C26B96A11BF0BC45005355A7 /* HRFindViewController.h */ = {isa = PBXFileReference; fileEncoding = 4; lastKnownFileType = sourcecode.c.h; path = HRFindViewController.h; sourceTree = "<group>"; };
		C26B96A21BF0BC45005355A7 /* HRFindViewController.m */ = {isa = PBXFileReference; fileEncoding = 4; lastKnownFileType = sourcecode.c.objc; path = HRFindViewController.m; sourceTree = "<group>"; };
		C26B96A41BF0BC5B005355A7 /* HRSoundViewController.h */ = {isa = PBXFileReference; fileEncoding = 4; lastKnownFileType = sourcecode.c.h; path = HRSoundViewController.h; sourceTree = "<group>"; };
		C26B96A51BF0BC5B005355A7 /* HRSoundViewController.m */ = {isa = PBXFileReference; fileEncoding = 4; lastKnownFileType = sourcecode.c.objc; path = HRSoundViewController.m; sourceTree = "<group>"; };
		C26B96AA1BF0C069005355A7 /* PrefixHeader.pch */ = {isa = PBXFileReference; fileEncoding = 4; lastKnownFileType = sourcecode.c.h; path = PrefixHeader.pch; sourceTree = "<group>"; };
		C26B96AB1BF0C131005355A7 /* Constants.h */ = {isa = PBXFileReference; fileEncoding = 4; lastKnownFileType = sourcecode.c.h; path = Constants.h; sourceTree = "<group>"; };
		C26B96BE1BF0CEA4005355A7 /* FindTabsNetManager.h */ = {isa = PBXFileReference; fileEncoding = 4; lastKnownFileType = sourcecode.c.h; path = FindTabsNetManager.h; sourceTree = "<group>"; };
		C26B96BF1BF0CEA4005355A7 /* FindTabsNetManager.m */ = {isa = PBXFileReference; fileEncoding = 4; lastKnownFileType = sourcecode.c.objc; path = FindTabsNetManager.m; sourceTree = "<group>"; };
		C27242921BFEC9D10082769D /* MoreCategoryCell.h */ = {isa = PBXFileReference; fileEncoding = 4; lastKnownFileType = sourcecode.c.h; path = MoreCategoryCell.h; sourceTree = "<group>"; };
		C27242931BFEC9D10082769D /* MoreCategoryCell.m */ = {isa = PBXFileReference; fileEncoding = 4; lastKnownFileType = sourcecode.c.objc; path = MoreCategoryCell.m; sourceTree = "<group>"; };
		C27242981BFF501B0082769D /* FocusImageScrollView.h */ = {isa = PBXFileReference; fileEncoding = 4; lastKnownFileType = sourcecode.c.h; path = FocusImageScrollView.h; sourceTree = "<group>"; };
		C27242991BFF501B0082769D /* FocusImageScrollView.m */ = {isa = PBXFileReference; fileEncoding = 4; lastKnownFileType = sourcecode.c.objc; path = FocusImageScrollView.m; sourceTree = "<group>"; };
		C2902A271C02B885001875FA /* AttentionViewController.h */ = {isa = PBXFileReference; fileEncoding = 4; lastKnownFileType = sourcecode.c.h; path = AttentionViewController.h; sourceTree = "<group>"; };
		C2902A281C02B885001875FA /* AttentionViewController.m */ = {isa = PBXFileReference; fileEncoding = 4; lastKnownFileType = sourcecode.c.objc; path = AttentionViewController.m; sourceTree = "<group>"; };
		C2902A291C02B885001875FA /* CollectViewController.h */ = {isa = PBXFileReference; fileEncoding = 4; lastKnownFileType = sourcecode.c.h; path = CollectViewController.h; sourceTree = "<group>"; };
		C2902A2A1C02B885001875FA /* CollectViewController.m */ = {isa = PBXFileReference; fileEncoding = 4; lastKnownFileType = sourcecode.c.objc; path = CollectViewController.m; sourceTree = "<group>"; };
		C2902A2B1C02B885001875FA /* HistoryViewController.h */ = {isa = PBXFileReference; fileEncoding = 4; lastKnownFileType = sourcecode.c.h; path = HistoryViewController.h; sourceTree = "<group>"; };
		C2902A2C1C02B885001875FA /* HistoryViewController.m */ = {isa = PBXFileReference; fileEncoding = 4; lastKnownFileType = sourcecode.c.objc; path = HistoryViewController.m; sourceTree = "<group>"; };
		C2902A301C02B8E1001875FA /* AlbumViewController.h */ = {isa = PBXFileReference; fileEncoding = 4; lastKnownFileType = sourcecode.c.h; path = AlbumViewController.h; sourceTree = "<group>"; };
		C2902A311C02B8E1001875FA /* AlbumViewController.m */ = {isa = PBXFileReference; fileEncoding = 4; lastKnownFileType = sourcecode.c.objc; path = AlbumViewController.m; sourceTree = "<group>"; };
		C2902A331C02B90F001875FA /* SoundViewController.h */ = {isa = PBXFileReference; fileEncoding = 4; lastKnownFileType = sourcecode.c.h; path = SoundViewController.h; sourceTree = "<group>"; };
		C2902A341C02B90F001875FA /* SoundViewController.m */ = {isa = PBXFileReference; fileEncoding = 4; lastKnownFileType = sourcecode.c.objc; path = SoundViewController.m; sourceTree = "<group>"; };
		C2902A361C02B93A001875FA /* DownloadingViewController.h */ = {isa = PBXFileReference; fileEncoding = 4; lastKnownFileType = sourcecode.c.h; path = DownloadingViewController.h; sourceTree = "<group>"; };
		C2902A371C02B93A001875FA /* DownloadingViewController.m */ = {isa = PBXFileReference; fileEncoding = 4; lastKnownFileType = sourcecode.c.objc; path = DownloadingViewController.m; sourceTree = "<group>"; };
		C2902A3B1C02C0A4001875FA /* MeSetting.storyboard */ = {isa = PBXFileReference; fileEncoding = 4; lastKnownFileType = file.storyboard; path = MeSetting.storyboard; sourceTree = "<group>"; };
		C2902A3D1C0300B0001875FA /* SettingViewController.h */ = {isa = PBXFileReference; fileEncoding = 4; lastKnownFileType = sourcecode.c.h; path = SettingViewController.h; sourceTree = "<group>"; };
		C2902A3E1C0300B0001875FA /* SettingViewController.m */ = {isa = PBXFileReference; fileEncoding = 4; lastKnownFileType = sourcecode.c.objc; path = SettingViewController.m; sourceTree = "<group>"; };
		C2902A461C0349CB001875FA /* DestinationModel.h */ = {isa = PBXFileReference; fileEncoding = 4; lastKnownFileType = sourcecode.c.h; path = DestinationModel.h; sourceTree = "<group>"; };
		C2902A471C0349CB001875FA /* DestinationModel.m */ = {isa = PBXFileReference; fileEncoding = 4; lastKnownFileType = sourcecode.c.objc; path = DestinationModel.m; sourceTree = "<group>"; };
		C29AAA261C000B360041BC7C /* EditorMoreViewController.h */ = {isa = PBXFileReference; fileEncoding = 4; lastKnownFileType = sourcecode.c.h; path = EditorMoreViewController.h; sourceTree = "<group>"; };
		C29AAA271C000B360041BC7C /* EditorMoreViewController.m */ = {isa = PBXFileReference; fileEncoding = 4; lastKnownFileType = sourcecode.c.objc; path = EditorMoreViewController.m; sourceTree = "<group>"; };
		C29AAA291C000B9C0041BC7C /* EditorModel.h */ = {isa = PBXFileReference; fileEncoding = 4; lastKnownFileType = sourcecode.c.h; path = EditorModel.h; sourceTree = "<group>"; };
		C29AAA2A1C000B9C0041BC7C /* EditorModel.m */ = {isa = PBXFileReference; fileEncoding = 4; lastKnownFileType = sourcecode.c.objc; path = EditorModel.m; sourceTree = "<group>"; };
		C29AAA2C1C00189E0041BC7C /* EditorMoreViewModel.h */ = {isa = PBXFileReference; fileEncoding = 4; lastKnownFileType = sourcecode.c.h; path = EditorMoreViewModel.h; sourceTree = "<group>"; };
		C29AAA2D1C00189E0041BC7C /* EditorMoreViewModel.m */ = {isa = PBXFileReference; fileEncoding = 4; lastKnownFileType = sourcecode.c.objc; path = EditorMoreViewModel.m; sourceTree = "<group>"; };
		C29AAA2F1C001A4A0041BC7C /* MoreViewModel.h */ = {isa = PBXFileReference; fileEncoding = 4; lastKnownFileType = sourcecode.c.h; path = MoreViewModel.h; sourceTree = "<group>"; };
		C29AAA301C001A4A0041BC7C /* MoreViewModel.m */ = {isa = PBXFileReference; fileEncoding = 4; lastKnownFileType = sourcecode.c.objc; path = MoreViewModel.m; sourceTree = "<group>"; };
		C29AAA321C001E1B0041BC7C /* EditorCell.h */ = {isa = PBXFileReference; fileEncoding = 4; lastKnownFileType = sourcecode.c.h; path = EditorCell.h; sourceTree = "<group>"; };
		C29AAA331C001E1B0041BC7C /* EditorCell.m */ = {isa = PBXFileReference; fileEncoding = 4; lastKnownFileType = sourcecode.c.objc; path = EditorCell.m; sourceTree = "<group>"; };
		C29E272E1C1711EA0079B1C7 /* ContentShowView.h */ = {isa = PBXFileReference; fileEncoding = 4; lastKnownFileType = sourcecode.c.h; path = ContentShowView.h; sourceTree = "<group>"; };
		C29E272F1C1711EA0079B1C7 /* ContentShowView.m */ = {isa = PBXFileReference; fileEncoding = 4; lastKnownFileType = sourcecode.c.objc; path = ContentShowView.m; sourceTree = "<group>"; };
		C2BB1A551BFC2C5D00963584 /* LiveRadioCell.h */ = {isa = PBXFileReference; fileEncoding = 4; lastKnownFileType = sourcecode.c.h; path = LiveRadioCell.h; sourceTree = "<group>"; };
		C2BB1A561BFC2C5D00963584 /* LiveRadioCell.m */ = {isa = PBXFileReference; fileEncoding = 4; lastKnownFileType = sourcecode.c.objc; path = LiveRadioCell.m; sourceTree = "<group>"; };
		C2BB1A5A1BFC5D6600963584 /* NSString+PJR.h */ = {isa = PBXFileReference; fileEncoding = 4; lastKnownFileType = sourcecode.c.h; path = "NSString+PJR.h"; sourceTree = "<group>"; };
		C2BB1A5B1BFC5D6600963584 /* NSString+PJR.m */ = {isa = PBXFileReference; fileEncoding = 4; lastKnownFileType = sourcecode.c.objc; path = "NSString+PJR.m"; sourceTree = "<group>"; };
		C2BB1A5E1BFC5D6600963584 /* UIView+Extesion.h */ = {isa = PBXFileReference; fileEncoding = 4; lastKnownFileType = sourcecode.c.h; path = "UIView+Extesion.h"; sourceTree = "<group>"; };
		C2BB1A5F1BFC5D6600963584 /* UIView+Extesion.m */ = {isa = PBXFileReference; fileEncoding = 4; lastKnownFileType = sourcecode.c.objc; path = "UIView+Extesion.m"; sourceTree = "<group>"; };
		C2BB1A631BFC5E1F00963584 /* MBProgressHUD+HR.h */ = {isa = PBXFileReference; fileEncoding = 4; lastKnownFileType = sourcecode.c.h; path = "MBProgressHUD+HR.h"; sourceTree = "<group>"; };
		C2BB1A641BFC5E1F00963584 /* MBProgressHUD+HR.m */ = {isa = PBXFileReference; fileEncoding = 4; lastKnownFileType = sourcecode.c.objc; path = "MBProgressHUD+HR.m"; sourceTree = "<group>"; };
		C2BB1A661BFCAF5100963584 /* MenusModel.h */ = {isa = PBXFileReference; fileEncoding = 4; lastKnownFileType = sourcecode.c.h; path = MenusModel.h; sourceTree = "<group>"; };
		C2BB1A671BFCAF5100963584 /* MenusModel.m */ = {isa = PBXFileReference; fileEncoding = 4; lastKnownFileType = sourcecode.c.objc; path = MenusModel.m; sourceTree = "<group>"; };
		C2BB1A691BFCAFC300963584 /* ContentsModel.h */ = {isa = PBXFileReference; fileEncoding = 4; lastKnownFileType = sourcecode.c.h; path = ContentsModel.h; sourceTree = "<group>"; };
		C2BB1A6A1BFCAFC300963584 /* ContentsModel.m */ = {isa = PBXFileReference; fileEncoding = 4; lastKnownFileType = sourcecode.c.objc; path = ContentsModel.m; sourceTree = "<group>"; };
		C2BB1A6C1BFCB13100963584 /* MoreCotentNetManager.h */ = {isa = PBXFileReference; fileEncoding = 4; lastKnownFileType = sourcecode.c.h; path = MoreCotentNetManager.h; sourceTree = "<group>"; };
		C2BB1A6D1BFCB13100963584 /* MoreCotentNetManager.m */ = {isa = PBXFileReference; fileEncoding = 4; lastKnownFileType = sourcecode.c.objc; path = MoreCotentNetManager.m; sourceTree = "<group>"; };
		C2CFA7F71BFACD3100251B87 /* AnchorView.h */ = {isa = PBXFileReference; fileEncoding = 4; lastKnownFileType = sourcecode.c.h; path = AnchorView.h; sourceTree = "<group>"; };
		C2CFA7F81BFACD3100251B87 /* AnchorView.m */ = {isa = PBXFileReference; fileEncoding = 4; lastKnownFileType = sourcecode.c.objc; path = AnchorView.m; sourceTree = "<group>"; };
		C2CFA7FD1BFAD9E700251B87 /* AnchorModel.h */ = {isa = PBXFileReference; fileEncoding = 4; lastKnownFileType = sourcecode.c.h; path = AnchorModel.h; sourceTree = "<group>"; };
		C2CFA7FE1BFAD9E700251B87 /* AnchorModel.m */ = {isa = PBXFileReference; fileEncoding = 4; lastKnownFileType = sourcecode.c.objc; path = AnchorModel.m; sourceTree = "<group>"; };
		C2CFA8001BFADCB200251B87 /* AnchorViewModel.h */ = {isa = PBXFileReference; fileEncoding = 4; lastKnownFileType = sourcecode.c.h; path = AnchorViewModel.h; sourceTree = "<group>"; };
		C2CFA8011BFADCB200251B87 /* AnchorViewModel.m */ = {isa = PBXFileReference; fileEncoding = 4; lastKnownFileType = sourcecode.c.objc; path = AnchorViewModel.m; sourceTree = "<group>"; };
		C2CFA8031BFB0CA100251B87 /* RankModel.h */ = {isa = PBXFileReference; fileEncoding = 4; lastKnownFileType = sourcecode.c.h; path = RankModel.h; sourceTree = "<group>"; };
		C2CFA8041BFB0CA100251B87 /* RankModel.m */ = {isa = PBXFileReference; fileEncoding = 4; lastKnownFileType = sourcecode.c.objc; path = RankModel.m; sourceTree = "<group>"; };
		C2CFA8061BFB0E9D00251B87 /* RankCell.h */ = {isa = PBXFileReference; fileEncoding = 4; lastKnownFileType = sourcecode.c.h; path = RankCell.h; sourceTree = "<group>"; };
		C2CFA8071BFB0E9D00251B87 /* RankCell.m */ = {isa = PBXFileReference; fileEncoding = 4; lastKnownFileType = sourcecode.c.objc; path = RankCell.m; sourceTree = "<group>"; };
		C2CFA8091BFB153400251B87 /* RankViewModel.h */ = {isa = PBXFileReference; fileEncoding = 4; lastKnownFileType = sourcecode.c.h; path = RankViewModel.h; sourceTree = "<group>"; };
		C2CFA80A1BFB153400251B87 /* RankViewModel.m */ = {isa = PBXFileReference; fileEncoding = 4; lastKnownFileType = sourcecode.c.objc; path = RankViewModel.m; sourceTree = "<group>"; };
		C2CFA8121BFB469000251B87 /* LiveModel.h */ = {isa = PBXFileReference; fileEncoding = 4; lastKnownFileType = sourcecode.c.h; path = LiveModel.h; sourceTree = "<group>"; };
		C2CFA8131BFB469000251B87 /* LiveModel.m */ = {isa = PBXFileReference; fileEncoding = 4; lastKnownFileType = sourcecode.c.objc; path = LiveModel.m; sourceTree = "<group>"; };
		C2CFA8151BFB4A2A00251B87 /* LiveViewModel.h */ = {isa = PBXFileReference; fileEncoding = 4; lastKnownFileType = sourcecode.c.h; path = LiveViewModel.h; sourceTree = "<group>"; };
		C2CFA8161BFB4A2A00251B87 /* LiveViewModel.m */ = {isa = PBXFileReference; fileEncoding = 4; lastKnownFileType = sourcecode.c.objc; path = LiveViewModel.m; sourceTree = "<group>"; };
		C2CFA81B1BFB4C2B00251B87 /* LiveRecommandCell.h */ = {isa = PBXFileReference; fileEncoding = 4; lastKnownFileType = sourcecode.c.h; path = LiveRecommandCell.h; sourceTree = "<group>"; };
		C2CFA81C1BFB4C2B00251B87 /* LiveRecommandCell.m */ = {isa = PBXFileReference; fileEncoding = 4; lastKnownFileType = sourcecode.c.objc; path = LiveRecommandCell.m; sourceTree = "<group>"; };
		C2CFA81E1BFB4C5100251B87 /* LiveTopCell.h */ = {isa = PBXFileReference; fileEncoding = 4; lastKnownFileType = sourcecode.c.h; path = LiveTopCell.h; sourceTree = "<group>"; };
		C2CFA81F1BFB4C5100251B87 /* LiveTopCell.m */ = {isa = PBXFileReference; fileEncoding = 4; lastKnownFileType = sourcecode.c.objc; path = LiveTopCell.m; sourceTree = "<group>"; };
		C2D050D91BF5C0FA002C6F3E /* GuessLikeModel.h */ = {isa = PBXFileReference; fileEncoding = 4; lastKnownFileType = sourcecode.c.h; path = GuessLikeModel.h; sourceTree = "<group>"; };
		C2D050DA1BF5C0FA002C6F3E /* GuessLikeModel.m */ = {isa = PBXFileReference; fileEncoding = 4; lastKnownFileType = sourcecode.c.objc; path = GuessLikeModel.m; sourceTree = "<group>"; };
		C2D050DC1BF5C53B002C6F3E /* HomePageViewController.h */ = {isa = PBXFileReference; fileEncoding = 4; lastKnownFileType = sourcecode.c.h; path = HomePageViewController.h; sourceTree = "<group>"; };
		C2D050DD1BF5C53B002C6F3E /* HomePageViewController.m */ = {isa = PBXFileReference; fileEncoding = 4; lastKnownFileType = sourcecode.c.objc; path = HomePageViewController.m; sourceTree = "<group>"; };
		C2E848851BF96E4600366E8A /* CategoryCommonCell.h */ = {isa = PBXFileReference; fileEncoding = 4; lastKnownFileType = sourcecode.c.h; path = CategoryCommonCell.h; sourceTree = "<group>"; };
		C2E848861BF96E4700366E8A /* CategoryCommonCell.m */ = {isa = PBXFileReference; fileEncoding = 4; lastKnownFileType = sourcecode.c.objc; path = CategoryCommonCell.m; sourceTree = "<group>"; };
		C2E848881BF9821B00366E8A /* CategoryButton.h */ = {isa = PBXFileReference; fileEncoding = 4; lastKnownFileType = sourcecode.c.h; path = CategoryButton.h; sourceTree = "<group>"; };
		C2E848891BF9821B00366E8A /* CategoryButton.m */ = {isa = PBXFileReference; fileEncoding = 4; lastKnownFileType = sourcecode.c.objc; path = CategoryButton.m; sourceTree = "<group>"; };
		C2E848DC1BF9F41400366E8A /* cell_common.png */ = {isa = PBXFileReference; lastKnownFileType = image.png; path = cell_common.png; sourceTree = "<group>"; };
		C2E848E11BF9F6A200366E8A /* CategoryViewModel.h */ = {isa = PBXFileReference; fileEncoding = 4; lastKnownFileType = sourcecode.c.h; path = CategoryViewModel.h; sourceTree = "<group>"; };
		C2E848E21BF9F6A200366E8A /* CategoryViewModel.m */ = {isa = PBXFileReference; fileEncoding = 4; lastKnownFileType = sourcecode.c.objc; path = CategoryViewModel.m; sourceTree = "<group>"; };
		C2EA1BB21C05D2E8000A4CC3 /* IconNameView.h */ = {isa = PBXFileReference; fileEncoding = 4; lastKnownFileType = sourcecode.c.h; path = IconNameView.h; sourceTree = "<group>"; };
		C2EA1BB31C05D2E8000A4CC3 /* IconNameView.m */ = {isa = PBXFileReference; fileEncoding = 4; lastKnownFileType = sourcecode.c.objc; path = IconNameView.m; sourceTree = "<group>"; };
		C2EA1BB51C05D317000A4CC3 /* DescView.h */ = {isa = PBXFileReference; fileEncoding = 4; lastKnownFileType = sourcecode.c.h; path = DescView.h; sourceTree = "<group>"; };
		C2EA1BB61C05D317000A4CC3 /* DescView.m */ = {isa = PBXFileReference; fileEncoding = 4; lastKnownFileType = sourcecode.c.objc; path = DescView.m; sourceTree = "<group>"; };
		C2EA1BB81C05E639000A4CC3 /* PicView.h */ = {isa = PBXFileReference; fileEncoding = 4; lastKnownFileType = sourcecode.c.h; path = PicView.h; sourceTree = "<group>"; };
		C2EA1BB91C05E63A000A4CC3 /* PicView.m */ = {isa = PBXFileReference; fileEncoding = 4; lastKnownFileType = sourcecode.c.objc; path = PicView.m; sourceTree = "<group>"; };
		C2EB4EAB1BFD6E8F005115C5 /* MoreViewController.h */ = {isa = PBXFileReference; fileEncoding = 4; lastKnownFileType = sourcecode.c.h; path = MoreViewController.h; sourceTree = "<group>"; };
		C2EB4EAC1BFD6E8F005115C5 /* MoreViewController.m */ = {isa = PBXFileReference; fileEncoding = 4; lastKnownFileType = sourcecode.c.objc; path = MoreViewController.m; sourceTree = "<group>"; };
		C2EB4EAE1BFDACCB005115C5 /* ContentCategoryModel.h */ = {isa = PBXFileReference; fileEncoding = 4; lastKnownFileType = sourcecode.c.h; path = ContentCategoryModel.h; sourceTree = "<group>"; };
		C2EB4EAF1BFDACCB005115C5 /* ContentCategoryModel.m */ = {isa = PBXFileReference; fileEncoding = 4; lastKnownFileType = sourcecode.c.objc; path = ContentCategoryModel.m; sourceTree = "<group>"; };
		C2EB4EB11BFDB0E1005115C5 /* MoreCategoryViewController.h */ = {isa = PBXFileReference; fileEncoding = 4; lastKnownFileType = sourcecode.c.h; path = MoreCategoryViewController.h; sourceTree = "<group>"; };
		C2EB4EB21BFDB0E1005115C5 /* MoreCategoryViewController.m */ = {isa = PBXFileReference; fileEncoding = 4; lastKnownFileType = sourcecode.c.objc; path = MoreCategoryViewController.m; sourceTree = "<group>"; };
		C2EB4EB71BFDB457005115C5 /* MoreRecommendController.h */ = {isa = PBXFileReference; fileEncoding = 4; lastKnownFileType = sourcecode.c.h; path = MoreRecommendController.h; sourceTree = "<group>"; };
		C2EB4EB81BFDB457005115C5 /* MoreRecommendController.m */ = {isa = PBXFileReference; fileEncoding = 4; lastKnownFileType = sourcecode.c.objc; path = MoreRecommendController.m; sourceTree = "<group>"; };
		C2EB4EBA1BFDB5AD005115C5 /* MoreContentViewModel.h */ = {isa = PBXFileReference; fileEncoding = 4; lastKnownFileType = sourcecode.c.h; path = MoreContentViewModel.h; sourceTree = "<group>"; };
		C2EB4EBB1BFDB5AD005115C5 /* MoreContentViewModel.m */ = {isa = PBXFileReference; fileEncoding = 4; lastKnownFileType = sourcecode.c.objc; path = MoreContentViewModel.m; sourceTree = "<group>"; };
		C2EB4EBD1BFDE981005115C5 /* MoreCategoryViewModel.h */ = {isa = PBXFileReference; fileEncoding = 4; lastKnownFileType = sourcecode.c.h; path = MoreCategoryViewModel.h; sourceTree = "<group>"; };
		C2EB4EBE1BFDE981005115C5 /* MoreCategoryViewModel.m */ = {isa = PBXFileReference; fileEncoding = 4; lastKnownFileType = sourcecode.c.objc; path = MoreCategoryViewModel.m; sourceTree = "<group>"; };
		C2EB4EC01BFE0366005115C5 /* JumpViewController.h */ = {isa = PBXFileReference; fileEncoding = 4; lastKnownFileType = sourcecode.c.h; path = JumpViewController.h; sourceTree = "<group>"; };
		C2EB4EC11BFE0366005115C5 /* JumpViewController.m */ = {isa = PBXFileReference; fileEncoding = 4; lastKnownFileType = sourcecode.c.objc; path = JumpViewController.m; sourceTree = "<group>"; };
		C2EFFECD1C0951480079B973 /* AVFoundation.framework */ = {isa = PBXFileReference; lastKnownFileType = wrapper.framework; name = AVFoundation.framework; path = System/Library/Frameworks/AVFoundation.framework; sourceTree = SDKROOT; };
		C2F21A271BF864BA00CB5397 /* iCarousel.h */ = {isa = PBXFileReference; fileEncoding = 4; lastKnownFileType = sourcecode.c.h; path = iCarousel.h; sourceTree = "<group>"; };
		C2F21A281BF864BA00CB5397 /* iCarousel.m */ = {isa = PBXFileReference; fileEncoding = 4; lastKnownFileType = sourcecode.c.objc; path = iCarousel.m; sourceTree = "<group>"; };
		C2F21A341BF881BA00CB5397 /* CategoryModel.h */ = {isa = PBXFileReference; fileEncoding = 4; lastKnownFileType = sourcecode.c.h; path = CategoryModel.h; sourceTree = "<group>"; };
		C2F21A351BF881BA00CB5397 /* CategoryModel.m */ = {isa = PBXFileReference; fileEncoding = 4; lastKnownFileType = sourcecode.c.objc; path = CategoryModel.m; sourceTree = "<group>"; };
		C2F21A3A1BF8882500CB5397 /* CategorySpecialCell.h */ = {isa = PBXFileReference; fileEncoding = 4; lastKnownFileType = sourcecode.c.h; path = CategorySpecialCell.h; sourceTree = "<group>"; };
		C2F21A3B1BF8882500CB5397 /* CategorySpecialCell.m */ = {isa = PBXFileReference; fileEncoding = 4; lastKnownFileType = sourcecode.c.objc; path = CategorySpecialCell.m; sourceTree = "<group>"; };
		C2FB99D51C04793C0093E1F3 /* DestinationViewController.h */ = {isa = PBXFileReference; fileEncoding = 4; lastKnownFileType = sourcecode.c.h; path = DestinationViewController.h; sourceTree = "<group>"; };
		C2FB99D61C04793C0093E1F3 /* DestinationViewController.m */ = {isa = PBXFileReference; fileEncoding = 4; lastKnownFileType = sourcecode.c.objc; path = DestinationViewController.m; sourceTree = "<group>"; };
		C2FB99D81C04950D0093E1F3 /* AlbumHeaderView.h */ = {isa = PBXFileReference; fileEncoding = 4; lastKnownFileType = sourcecode.c.h; path = AlbumHeaderView.h; sourceTree = "<group>"; };
		C2FB99D91C04950D0093E1F3 /* AlbumHeaderView.m */ = {isa = PBXFileReference; fileEncoding = 4; lastKnownFileType = sourcecode.c.objc; path = AlbumHeaderView.m; sourceTree = "<group>"; };
		C2FB99DB1C049B890093E1F3 /* SectionView.h */ = {isa = PBXFileReference; fileEncoding = 4; lastKnownFileType = sourcecode.c.h; path = SectionView.h; sourceTree = "<group>"; };
		C2FB99DC1C049B890093E1F3 /* SectionView.m */ = {isa = PBXFileReference; fileEncoding = 4; lastKnownFileType = sourcecode.c.objc; path = SectionView.m; sourceTree = "<group>"; };
/* End PBXFileReference section */

/* Begin PBXFrameworksBuildPhase section */
		C26B96531BF0B3CC005355A7 /* Frameworks */ = {
			isa = PBXFrameworksBuildPhase;
			buildActionMask = 2147483647;
			files = (
				C2EFFECE1C0951480079B973 /* AVFoundation.framework in Frameworks */,
				E74D0709017F5FAED54C36BF /* libPods-喜马拉雅FM(高仿品).a in Frameworks */,
			);
			runOnlyForDeploymentPostprocessing = 0;
		};
/* End PBXFrameworksBuildPhase section */

/* Begin PBXGroup section */
		083CCEC62B94E010EC106E0B /* Frameworks */ = {
			isa = PBXGroup;
			children = (
				C2EFFECD1C0951480079B973 /* AVFoundation.framework */,
				2770EFEF7EFBE8C9EDBE6516 /* libPods-喜马拉雅FM(高仿品).a */,
			);
			name = Frameworks;
			sourceTree = "<group>";
		};
		8A090AC11AEAA91C9C564738 /* Pods */ = {
			isa = PBXGroup;
			children = (
				06CE8AF170C863B14C64F3F2 /* Pods-喜马拉雅FM(高仿品).debug.xcconfig */,
				B562FBACC6A279829FE6E3E3 /* Pods-喜马拉雅FM(高仿品).release.xcconfig */,
			);
			name = Pods;
			sourceTree = "<group>";
		};
		C2074A7C1BF209E00094E70D /* 公有类 */ = {
			isa = PBXGroup;
			children = (
				C2074A7D1BF209E00094E70D /* Controller */,
				C2074A821BF209E00094E70D /* Model */,
				C2074A851BF209E00094E70D /* NetManager */,
				C2074A881BF209E00094E70D /* View */,
				C2074A8B1BF209E00094E70D /* ViewModel */,
			);
			path = "公有类";
			sourceTree = "<group>";
		};
		C2074A7D1BF209E00094E70D /* Controller */ = {
			isa = PBXGroup;
			children = (
				C29AAA251C000AD60041BC7C /* 热门类更多 */,
				C2074A7E1BF209E00094E70D /* HRNavigationController.h */,
				C2074A7F1BF209E00094E70D /* HRNavigationController.m */,
				C2074A801BF209E00094E70D /* HRTabBarController.h */,
				C2074A811BF209E00094E70D /* HRTabBarController.m */,
				C29AAA261C000B360041BC7C /* EditorMoreViewController.h */,
				C29AAA271C000B360041BC7C /* EditorMoreViewController.m */,
				C209ED8D1C00494A00CE5907 /* SpecialMoreViewController.h */,
				C209ED8E1C00494A00CE5907 /* SpecialMoreViewController.m */,
				C2FB99D51C04793C0093E1F3 /* DestinationViewController.h */,
				C2FB99D61C04793C0093E1F3 /* DestinationViewController.m */,
			);
			path = Controller;
			sourceTree = "<group>";
		};
		C2074A821BF209E00094E70D /* Model */ = {
			isa = PBXGroup;
			children = (
				C2074A831BF209E00094E70D /* BaseModel.h */,
				C2074A841BF209E00094E70D /* BaseModel.m */,
				C2BB1A661BFCAF5100963584 /* MenusModel.h */,
				C2BB1A671BFCAF5100963584 /* MenusModel.m */,
				C2BB1A691BFCAFC300963584 /* ContentsModel.h */,
				C2BB1A6A1BFCAFC300963584 /* ContentsModel.m */,
				C2EB4EAE1BFDACCB005115C5 /* ContentCategoryModel.h */,
				C2EB4EAF1BFDACCB005115C5 /* ContentCategoryModel.m */,
				C29AAA291C000B9C0041BC7C /* EditorModel.h */,
				C29AAA2A1C000B9C0041BC7C /* EditorModel.m */,
				C209ED8A1C00486B00CE5907 /* SpecialModel.h */,
				C209ED8B1C00486B00CE5907 /* SpecialModel.m */,
				C2902A461C0349CB001875FA /* DestinationModel.h */,
				C2902A471C0349CB001875FA /* DestinationModel.m */,
			);
			path = Model;
			sourceTree = "<group>";
		};
		C2074A851BF209E00094E70D /* NetManager */ = {
			isa = PBXGroup;
			children = (
				C2074A861BF209E00094E70D /* BaseNetManager.h */,
				C2074A871BF209E00094E70D /* BaseNetManager.m */,
				C2BB1A6C1BFCB13100963584 /* MoreCotentNetManager.h */,
				C2BB1A6D1BFCB13100963584 /* MoreCotentNetManager.m */,
			);
			path = NetManager;
			sourceTree = "<group>";
		};
		C2074A881BF209E00094E70D /* View */ = {
			isa = PBXGroup;
			children = (
				C2074A891BF209E00094E70D /* HRPlayView.h */,
				C2074A8A1BF209E00094E70D /* HRPlayView.m */,
				C268A90C1BF4BAC300FEB50C /* TitleView.h */,
				C268A90D1BF4BAC300FEB50C /* TitleView.m */,
				C268A90F1BF4C50000FEB50C /* MoreButton.h */,
				C268A9101BF4C50000FEB50C /* MoreButton.m */,
				C27242921BFEC9D10082769D /* MoreCategoryCell.h */,
				C27242931BFEC9D10082769D /* MoreCategoryCell.m */,
				C27242981BFF501B0082769D /* FocusImageScrollView.h */,
				C27242991BFF501B0082769D /* FocusImageScrollView.m */,
				C29AAA321C001E1B0041BC7C /* EditorCell.h */,
				C29AAA331C001E1B0041BC7C /* EditorCell.m */,
				C2FB99D81C04950D0093E1F3 /* AlbumHeaderView.h */,
				C2FB99D91C04950D0093E1F3 /* AlbumHeaderView.m */,
				C2EA1BB81C05E639000A4CC3 /* PicView.h */,
				C2EA1BB91C05E63A000A4CC3 /* PicView.m */,
				C2EA1BB21C05D2E8000A4CC3 /* IconNameView.h */,
				C2EA1BB31C05D2E8000A4CC3 /* IconNameView.m */,
				C2EA1BB51C05D317000A4CC3 /* DescView.h */,
				C2EA1BB61C05D317000A4CC3 /* DescView.m */,
				C2FB99DB1C049B890093E1F3 /* SectionView.h */,
				C2FB99DC1C049B890093E1F3 /* SectionView.m */,
				88E72A771C62FA1700D4DA50 /* MusicDetailCell.h */,
				88E72A781C62FA1700D4DA50 /* MusicDetailCell.m */,
			);
			path = View;
			sourceTree = "<group>";
		};
		C2074A8B1BF209E00094E70D /* ViewModel */ = {
			isa = PBXGroup;
			children = (
				C2074A8C1BF209E00094E70D /* BaseViewModel.h */,
				C2074A8D1BF209E00094E70D /* BaseViewModel.m */,
				C29AAA2F1C001A4A0041BC7C /* MoreViewModel.h */,
				C29AAA301C001A4A0041BC7C /* MoreViewModel.m */,
				C2EB4EBA1BFDB5AD005115C5 /* MoreContentViewModel.h */,
				C2EB4EBB1BFDB5AD005115C5 /* MoreContentViewModel.m */,
				C2EB4EBD1BFDE981005115C5 /* MoreCategoryViewModel.h */,
				C2EB4EBE1BFDE981005115C5 /* MoreCategoryViewModel.m */,
				C29AAA2C1C00189E0041BC7C /* EditorMoreViewModel.h */,
				C29AAA2D1C00189E0041BC7C /* EditorMoreViewModel.m */,
				C209ED901C0049AA00CE5907 /* SpecialMoreViewMoel.h */,
				C209ED911C0049AA00CE5907 /* SpecialMoreViewMoel.m */,
				C2567E1C1C0733F600016313 /* TracksViewModel.h */,
				C2567E1D1C0733F600016313 /* TracksViewModel.m */,
			);
			path = ViewModel;
			sourceTree = "<group>";
		};
		C26B964D1BF0B3CC005355A7 = {
			isa = PBXGroup;
			children = (
				C26B96581BF0B3CC005355A7 /* 喜马拉雅FM(高仿品) */,
				C26B96571BF0B3CC005355A7 /* Products */,
				8A090AC11AEAA91C9C564738 /* Pods */,
				083CCEC62B94E010EC106E0B /* Frameworks */,
			);
			sourceTree = "<group>";
		};
		C26B96571BF0B3CC005355A7 /* Products */ = {
			isa = PBXGroup;
			children = (
				C26B96561BF0B3CC005355A7 /* 喜马拉雅FM(高仿品).app */,
			);
			name = Products;
			sourceTree = "<group>";
		};
		C26B96581BF0B3CC005355A7 /* 喜马拉雅FM(高仿品) */ = {
			isa = PBXGroup;
			children = (
				C26B965C1BF0B3CC005355A7 /* AppDelegate.h */,
				C26B965D1BF0B3CC005355A7 /* AppDelegate.m */,
				C26B96651BF0B3CC005355A7 /* Assets.xcassets */,
				C2BB1A581BFC5D6600963584 /* Utilities */,
				C26B96701BF0B617005355A7 /* Class */,
				C26B96941BF0B617005355A7 /* Define */,
				C26B96951BF0B617005355A7 /* Resource */,
				C26B96971BF0B617005355A7 /* Vendor */,
				C26B96591BF0B3CC005355A7 /* Supporting Files */,
			);
			path = "喜马拉雅FM(高仿品)";
			sourceTree = "<group>";
		};
		C26B96591BF0B3CC005355A7 /* Supporting Files */ = {
			isa = PBXGroup;
			children = (
				C26B966A1BF0B3CC005355A7 /* Info.plist */,
				C26B965A1BF0B3CC005355A7 /* main.m */,
			);
			name = "Supporting Files";
			sourceTree = "<group>";
		};
		C26B96701BF0B617005355A7 /* Class */ = {
			isa = PBXGroup;
			children = (
				C2074A7C1BF209E00094E70D /* 公有类 */,
				C26B96711BF0B617005355A7 /* 下载听 */,
				C26B967C1BF0B617005355A7 /* 发现 */,
				C26B96821BF0B617005355A7 /* 定制听 */,
				C26B96881BF0B617005355A7 /* 我 */,
				C26B968E1BF0B617005355A7 /* 播放 */,
			);
			path = Class;
			sourceTree = "<group>";
		};
		C26B96711BF0B617005355A7 /* 下载听 */ = {
			isa = PBXGroup;
			children = (
				C26B96721BF0B617005355A7 /* Controller */,
				C26B96731BF0B617005355A7 /* Model */,
				C26B96741BF0B617005355A7 /* NetManager */,
				C26B96751BF0B617005355A7 /* View */,
				C26B96761BF0B617005355A7 /* ViewModel */,
			);
			path = "下载听";
			sourceTree = "<group>";
		};
		C26B96721BF0B617005355A7 /* Controller */ = {
			isa = PBXGroup;
			children = (
				C26B969E1BF0BC2F005355A7 /* HRDownloadViewController.h */,
				C26B969F1BF0BC2F005355A7 /* HRDownloadViewController.m */,
				C2902A301C02B8E1001875FA /* AlbumViewController.h */,
				C2902A311C02B8E1001875FA /* AlbumViewController.m */,
				C2902A331C02B90F001875FA /* SoundViewController.h */,
				C2902A341C02B90F001875FA /* SoundViewController.m */,
				C2902A361C02B93A001875FA /* DownloadingViewController.h */,
				C2902A371C02B93A001875FA /* DownloadingViewController.m */,
			);
			path = Controller;
			sourceTree = "<group>";
		};
		C26B96731BF0B617005355A7 /* Model */ = {
			isa = PBXGroup;
			children = (
			);
			path = Model;
			sourceTree = "<group>";
		};
		C26B96741BF0B617005355A7 /* NetManager */ = {
			isa = PBXGroup;
			children = (
			);
			path = NetManager;
			sourceTree = "<group>";
		};
		C26B96751BF0B617005355A7 /* View */ = {
			isa = PBXGroup;
			children = (
			);
			path = View;
			sourceTree = "<group>";
		};
		C26B96761BF0B617005355A7 /* ViewModel */ = {
			isa = PBXGroup;
			children = (
			);
			path = ViewModel;
			sourceTree = "<group>";
		};
		C26B967C1BF0B617005355A7 /* 发现 */ = {
			isa = PBXGroup;
			children = (
				C26B967D1BF0B617005355A7 /* Controller */,
				C26B967E1BF0B617005355A7 /* Model */,
				C26B967F1BF0B617005355A7 /* NetManager */,
				C26B96801BF0B617005355A7 /* View */,
				C26B96811BF0B617005355A7 /* ViewModel */,
			);
			path = "发现";
			sourceTree = "<group>";
		};
		C26B967D1BF0B617005355A7 /* Controller */ = {
			isa = PBXGroup;
			children = (
				C2E848DC1BF9F41400366E8A /* cell_common.png */,
				C26B96A11BF0BC45005355A7 /* HRFindViewController.h */,
				C26B96A21BF0BC45005355A7 /* HRFindViewController.m */,
				C2D050DC1BF5C53B002C6F3E /* HomePageViewController.h */,
				C2D050DD1BF5C53B002C6F3E /* HomePageViewController.m */,
				C2074A971BF212C00094E70D /* CategoryViewController.h */,
				C2074A981BF212C00094E70D /* CategoryViewController.m */,
				C2074A9A1BF212CE0094E70D /* LiveViewController.h */,
				C2074A9B1BF212CE0094E70D /* LiveViewController.m */,
				C2074AA01BF2132C0094E70D /* RankingViewController.h */,
				C2074AA11BF2132C0094E70D /* RankingViewController.m */,
				C2074A9D1BF212FC0094E70D /* AnchorViewController.h */,
				C2074A9E1BF212FC0094E70D /* AnchorViewController.m */,
			);
			path = Controller;
			sourceTree = "<group>";
		};
		C26B967E1BF0B617005355A7 /* Model */ = {
			isa = PBXGroup;
			children = (
				C268A9091BF4A68400FEB50C /* FindTabsModel.h */,
				C268A90A1BF4A68400FEB50C /* FindTabsModel.m */,
				C268A9061BF4A62200FEB50C /* HomePageModel.h */,
				C268A9071BF4A62200FEB50C /* HomePageModel.m */,
				C2D050D91BF5C0FA002C6F3E /* GuessLikeModel.h */,
				C2D050DA1BF5C0FA002C6F3E /* GuessLikeModel.m */,
				C2F21A341BF881BA00CB5397 /* CategoryModel.h */,
				C2F21A351BF881BA00CB5397 /* CategoryModel.m */,
				C2CFA7FD1BFAD9E700251B87 /* AnchorModel.h */,
				C2CFA7FE1BFAD9E700251B87 /* AnchorModel.m */,
				C2CFA8031BFB0CA100251B87 /* RankModel.h */,
				C2CFA8041BFB0CA100251B87 /* RankModel.m */,
				C2CFA8121BFB469000251B87 /* LiveModel.h */,
				C2CFA8131BFB469000251B87 /* LiveModel.m */,
			);
			path = Model;
			sourceTree = "<group>";
		};
		C26B967F1BF0B617005355A7 /* NetManager */ = {
			isa = PBXGroup;
			children = (
				C26B96BE1BF0CEA4005355A7 /* FindTabsNetManager.h */,
				C26B96BF1BF0CEA4005355A7 /* FindTabsNetManager.m */,
				C268A9031BF4A5A900FEB50C /* HomePageNetManager.h */,
				C268A9041BF4A5A900FEB50C /* HomePageNetManager.m */,
			);
			path = NetManager;
			sourceTree = "<group>";
		};
		C26B96801BF0B617005355A7 /* View */ = {
			isa = PBXGroup;
			children = (
				C2F21A331BF8808500CB5397 /* 推荐 */,
				C2F21A321BF8807D00CB5397 /* 分类 */,
				C2F21A311BF8807600CB5397 /* 直播 */,
				C2F21A301BF8806E00CB5397 /* 榜单 */,
				C2F21A2F1BF8806000CB5397 /* 主播 */,
			);
			path = View;
			sourceTree = "<group>";
		};
		C26B96811BF0B617005355A7 /* ViewModel */ = {
			isa = PBXGroup;
			children = (
				C268A9001BF4A58200FEB50C /* HomePageViewModel.h */,
				C268A9011BF4A58200FEB50C /* HomePageViewModel.m */,
				C2E848E11BF9F6A200366E8A /* CategoryViewModel.h */,
				C2E848E21BF9F6A200366E8A /* CategoryViewModel.m */,
				C2CFA8001BFADCB200251B87 /* AnchorViewModel.h */,
				C2CFA8011BFADCB200251B87 /* AnchorViewModel.m */,
				C2CFA8091BFB153400251B87 /* RankViewModel.h */,
				C2CFA80A1BFB153400251B87 /* RankViewModel.m */,
				C2CFA8151BFB4A2A00251B87 /* LiveViewModel.h */,
				C2CFA8161BFB4A2A00251B87 /* LiveViewModel.m */,
			);
			path = ViewModel;
			sourceTree = "<group>";
		};
		C26B96821BF0B617005355A7 /* 定制听 */ = {
			isa = PBXGroup;
			children = (
				C26B96831BF0B617005355A7 /* Controller */,
				C26B96841BF0B617005355A7 /* Model */,
				C26B96851BF0B617005355A7 /* NetManager */,
				C26B96861BF0B617005355A7 /* View */,
				C26B96871BF0B617005355A7 /* ViewModel */,
			);
			path = "定制听";
			sourceTree = "<group>";
		};
		C26B96831BF0B617005355A7 /* Controller */ = {
			isa = PBXGroup;
			children = (
				C26B96A41BF0BC5B005355A7 /* HRSoundViewController.h */,
				C26B96A51BF0BC5B005355A7 /* HRSoundViewController.m */,
				C2902A271C02B885001875FA /* AttentionViewController.h */,
				C2902A281C02B885001875FA /* AttentionViewController.m */,
				C2902A291C02B885001875FA /* CollectViewController.h */,
				C2902A2A1C02B885001875FA /* CollectViewController.m */,
				C2902A2B1C02B885001875FA /* HistoryViewController.h */,
				C2902A2C1C02B885001875FA /* HistoryViewController.m */,
			);
			path = Controller;
			sourceTree = "<group>";
		};
		C26B96841BF0B617005355A7 /* Model */ = {
			isa = PBXGroup;
			children = (
			);
			path = Model;
			sourceTree = "<group>";
		};
		C26B96851BF0B617005355A7 /* NetManager */ = {
			isa = PBXGroup;
			children = (
			);
			path = NetManager;
			sourceTree = "<group>";
		};
		C26B96861BF0B617005355A7 /* View */ = {
			isa = PBXGroup;
			children = (
			);
			path = View;
			sourceTree = "<group>";
		};
		C26B96871BF0B617005355A7 /* ViewModel */ = {
			isa = PBXGroup;
			children = (
			);
			path = ViewModel;
			sourceTree = "<group>";
		};
		C26B96881BF0B617005355A7 /* 我 */ = {
			isa = PBXGroup;
			children = (
				C26B96891BF0B617005355A7 /* Controller */,
				C26B968A1BF0B617005355A7 /* Model */,
				C26B968B1BF0B617005355A7 /* NetManager */,
				C26B968C1BF0B617005355A7 /* View */,
				C26B968D1BF0B617005355A7 /* ViewModel */,
			);
			path = "我";
			sourceTree = "<group>";
		};
		C26B96891BF0B617005355A7 /* Controller */ = {
			isa = PBXGroup;
			children = (
				C26B96981BF0BBD9005355A7 /* HRMeViewController.h */,
				C26B96991BF0BBD9005355A7 /* HRMeViewController.m */,
				C2902A3D1C0300B0001875FA /* SettingViewController.h */,
				C2902A3E1C0300B0001875FA /* SettingViewController.m */,
				C2902A3B1C02C0A4001875FA /* MeSetting.storyboard */,
			);
			path = Controller;
			sourceTree = "<group>";
		};
		C26B968A1BF0B617005355A7 /* Model */ = {
			isa = PBXGroup;
			children = (
			);
			path = Model;
			sourceTree = "<group>";
		};
		C26B968B1BF0B617005355A7 /* NetManager */ = {
			isa = PBXGroup;
			children = (
			);
			path = NetManager;
			sourceTree = "<group>";
		};
		C26B968C1BF0B617005355A7 /* View */ = {
			isa = PBXGroup;
			children = (
			);
			path = View;
			sourceTree = "<group>";
		};
		C26B968D1BF0B617005355A7 /* ViewModel */ = {
			isa = PBXGroup;
			children = (
			);
			path = ViewModel;
			sourceTree = "<group>";
		};
		C26B968E1BF0B617005355A7 /* 播放 */ = {
			isa = PBXGroup;
			children = (
				C26B968F1BF0B617005355A7 /* Controller */,
				C26B96901BF0B617005355A7 /* Model */,
				C26B96911BF0B617005355A7 /* NetManager */,
				C26B96921BF0B617005355A7 /* View */,
				C26B96931BF0B617005355A7 /* ViewModel */,
			);
			path = "播放";
			sourceTree = "<group>";
		};
		C26B968F1BF0B617005355A7 /* Controller */ = {
			isa = PBXGroup;
			children = (
			);
			path = Controller;
			sourceTree = "<group>";
		};
		C26B96901BF0B617005355A7 /* Model */ = {
			isa = PBXGroup;
			children = (
			);
			path = Model;
			sourceTree = "<group>";
		};
		C26B96911BF0B617005355A7 /* NetManager */ = {
			isa = PBXGroup;
			children = (
			);
			path = NetManager;
			sourceTree = "<group>";
		};
		C26B96921BF0B617005355A7 /* View */ = {
			isa = PBXGroup;
			children = (
			);
			path = View;
			sourceTree = "<group>";
		};
		C26B96931BF0B617005355A7 /* ViewModel */ = {
			isa = PBXGroup;
			children = (
			);
			path = ViewModel;
			sourceTree = "<group>";
		};
		C26B96941BF0B617005355A7 /* Define */ = {
			isa = PBXGroup;
			children = (
				C26B96AB1BF0C131005355A7 /* Constants.h */,
			);
			path = Define;
			sourceTree = "<group>";
		};
		C26B96951BF0B617005355A7 /* Resource */ = {
			isa = PBXGroup;
			children = (
				C26B96AA1BF0C069005355A7 /* PrefixHeader.pch */,
				C26B96621BF0B3CC005355A7 /* Main.storyboard */,
				C26B96671BF0B3CC005355A7 /* LaunchScreen.storyboard */,
			);
			path = Resource;
			sourceTree = "<group>";
		};
		C26B96971BF0B617005355A7 /* Vendor */ = {
			isa = PBXGroup;
			children = (
				C2F21A261BF864BA00CB5397 /* iCarousel */,
			);
			path = Vendor;
			sourceTree = "<group>";
		};
		C29AAA251C000AD60041BC7C /* 热门类更多 */ = {
			isa = PBXGroup;
			children = (
				C2EB4EC01BFE0366005115C5 /* JumpViewController.h */,
				C2EB4EC11BFE0366005115C5 /* JumpViewController.m */,
				C2EB4EAB1BFD6E8F005115C5 /* MoreViewController.h */,
				C2EB4EAC1BFD6E8F005115C5 /* MoreViewController.m */,
				C2EB4EB71BFDB457005115C5 /* MoreRecommendController.h */,
				C2EB4EB81BFDB457005115C5 /* MoreRecommendController.m */,
				C2EB4EB11BFDB0E1005115C5 /* MoreCategoryViewController.h */,
				C2EB4EB21BFDB0E1005115C5 /* MoreCategoryViewController.m */,
			);
			name = "热门类更多";
			sourceTree = "<group>";
		};
		C2BB1A581BFC5D6600963584 /* Utilities */ = {
			isa = PBXGroup;
			children = (
				C2BB1A591BFC5D6600963584 /* Category */,
			);
			path = Utilities;
			sourceTree = "<group>";
		};
		C2BB1A591BFC5D6600963584 /* Category */ = {
			isa = PBXGroup;
			children = (
				C2BB1A5A1BFC5D6600963584 /* NSString+PJR.h */,
				C2BB1A5B1BFC5D6600963584 /* NSString+PJR.m */,
				C2BB1A5E1BFC5D6600963584 /* UIView+Extesion.h */,
				C2BB1A5F1BFC5D6600963584 /* UIView+Extesion.m */,
				C2BB1A631BFC5E1F00963584 /* MBProgressHUD+HR.h */,
				C2BB1A641BFC5E1F00963584 /* MBProgressHUD+HR.m */,
			);
			path = Category;
			sourceTree = "<group>";
		};
		C2F21A261BF864BA00CB5397 /* iCarousel */ = {
			isa = PBXGroup;
			children = (
				C2F21A271BF864BA00CB5397 /* iCarousel.h */,
				C2F21A281BF864BA00CB5397 /* iCarousel.m */,
			);
			path = iCarousel;
			sourceTree = "<group>";
		};
		C2F21A2F1BF8806000CB5397 /* 主播 */ = {
			isa = PBXGroup;
			children = (
				C21382351BFAB1E800DD1FB1 /* AnchorCell.h */,
				C21382361BFAB1E800DD1FB1 /* AnchorCell.m */,
				C2CFA7F71BFACD3100251B87 /* AnchorView.h */,
				C2CFA7F81BFACD3100251B87 /* AnchorView.m */,
			);
			name = "主播";
			sourceTree = "<group>";
		};
		C2F21A301BF8806E00CB5397 /* 榜单 */ = {
			isa = PBXGroup;
			children = (
				C2CFA8061BFB0E9D00251B87 /* RankCell.h */,
				C2CFA8071BFB0E9D00251B87 /* RankCell.m */,
			);
			name = "榜单";
			sourceTree = "<group>";
		};
		C2F21A311BF8807600CB5397 /* 直播 */ = {
			isa = PBXGroup;
			children = (
				C2BB1A551BFC2C5D00963584 /* LiveRadioCell.h */,
				C2BB1A561BFC2C5D00963584 /* LiveRadioCell.m */,
				C2CFA81B1BFB4C2B00251B87 /* LiveRecommandCell.h */,
				C2CFA81C1BFB4C2B00251B87 /* LiveRecommandCell.m */,
				C2CFA81E1BFB4C5100251B87 /* LiveTopCell.h */,
				C2CFA81F1BFB4C5100251B87 /* LiveTopCell.m */,
			);
			name = "直播";
			sourceTree = "<group>";
		};
		C2F21A321BF8807D00CB5397 /* 分类 */ = {
			isa = PBXGroup;
			children = (
				C2F21A3A1BF8882500CB5397 /* CategorySpecialCell.h */,
				C2F21A3B1BF8882500CB5397 /* CategorySpecialCell.m */,
				C2E848851BF96E4600366E8A /* CategoryCommonCell.h */,
				C2E848861BF96E4700366E8A /* CategoryCommonCell.m */,
				C2E848881BF9821B00366E8A /* CategoryButton.h */,
				C2E848891BF9821B00366E8A /* CategoryButton.m */,
			);
			name = "分类";
			sourceTree = "<group>";
		};
		C2F21A331BF8808500CB5397 /* 推荐 */ = {
			isa = PBXGroup;
			children = (
				C23417EC1BF35A0700DE52FA /* FindPutCell.h */,
				C23417ED1BF35A0700DE52FA /* FindPutCell.m */,
				C231FA491BF6FF45001064D1 /* DiscoveryCell.h */,
				C231FA4A1BF6FF45001064D1 /* DiscoveryCell.m */,
				C231FA4C1BF70FC6001064D1 /* SpecialCell.h */,
				C231FA4D1BF70FC6001064D1 /* SpecialCell.m */,
				C29E272E1C1711EA0079B1C7 /* ContentShowView.h */,
				C29E272F1C1711EA0079B1C7 /* ContentShowView.m */,
			);
			name = "推荐";
			sourceTree = "<group>";
		};
/* End PBXGroup section */

/* Begin PBXNativeTarget section */
		C26B96551BF0B3CC005355A7 /* 喜马拉雅FM(高仿品) */ = {
			isa = PBXNativeTarget;
			buildConfigurationList = C26B966D1BF0B3CC005355A7 /* Build configuration list for PBXNativeTarget "喜马拉雅FM(高仿品)" */;
			buildPhases = (
				4F20F665C8938BDAD5A2EC60 /* Check Pods Manifest.lock */,
				C26B96521BF0B3CC005355A7 /* Sources */,
				C26B96531BF0B3CC005355A7 /* Frameworks */,
				C26B96541BF0B3CC005355A7 /* Resources */,
				E0076B3312C5607573673A79 /* Embed Pods Frameworks */,
				BA16DA5544F7EBF6DCFF5C6D /* Copy Pods Resources */,
			);
			buildRules = (
			);
			dependencies = (
			);
			name = "喜马拉雅FM(高仿品)";
			productName = "喜马拉雅FM(高仿品)";
			productReference = C26B96561BF0B3CC005355A7 /* 喜马拉雅FM(高仿品).app */;
			productType = "com.apple.product-type.application";
		};
/* End PBXNativeTarget section */

/* Begin PBXProject section */
		C26B964E1BF0B3CC005355A7 /* Project object */ = {
			isa = PBXProject;
			attributes = {
				LastUpgradeCheck = 0710;
				ORGANIZATIONNAME = HansRove;
				TargetAttributes = {
					C26B96551BF0B3CC005355A7 = {
						CreatedOnToolsVersion = 7.1;
						DevelopmentTeam = YWDH4K72PV;
					};
				};
			};
			buildConfigurationList = C26B96511BF0B3CC005355A7 /* Build configuration list for PBXProject "喜马拉雅FM(高仿品)" */;
			compatibilityVersion = "Xcode 3.2";
			developmentRegion = English;
			hasScannedForEncodings = 0;
			knownRegions = (
				en,
				Base,
			);
			mainGroup = C26B964D1BF0B3CC005355A7;
			productRefGroup = C26B96571BF0B3CC005355A7 /* Products */;
			projectDirPath = "";
			projectRoot = "";
			targets = (
				C26B96551BF0B3CC005355A7 /* 喜马拉雅FM(高仿品) */,
			);
		};
/* End PBXProject section */

/* Begin PBXResourcesBuildPhase section */
		C26B96541BF0B3CC005355A7 /* Resources */ = {
			isa = PBXResourcesBuildPhase;
			buildActionMask = 2147483647;
			files = (
				C26B96691BF0B3CC005355A7 /* LaunchScreen.storyboard in Resources */,
				C2902A3C1C02C0A4001875FA /* MeSetting.storyboard in Resources */,
				C26B96661BF0B3CC005355A7 /* Assets.xcassets in Resources */,
				C2E848DD1BF9F41400366E8A /* cell_common.png in Resources */,
				C26B96641BF0B3CC005355A7 /* Main.storyboard in Resources */,
			);
			runOnlyForDeploymentPostprocessing = 0;
		};
/* End PBXResourcesBuildPhase section */

/* Begin PBXShellScriptBuildPhase section */
		4F20F665C8938BDAD5A2EC60 /* Check Pods Manifest.lock */ = {
			isa = PBXShellScriptBuildPhase;
			buildActionMask = 2147483647;
			files = (
			);
			inputPaths = (
			);
			name = "Check Pods Manifest.lock";
			outputPaths = (
			);
			runOnlyForDeploymentPostprocessing = 0;
			shellPath = /bin/sh;
			shellScript = "diff \"${PODS_ROOT}/../Podfile.lock\" \"${PODS_ROOT}/Manifest.lock\" > /dev/null\nif [[ $? != 0 ]] ; then\n    cat << EOM\nerror: The sandbox is not in sync with the Podfile.lock. Run 'pod install' or update your CocoaPods installation.\nEOM\n    exit 1\nfi\n";
			showEnvVarsInLog = 0;
		};
		BA16DA5544F7EBF6DCFF5C6D /* Copy Pods Resources */ = {
			isa = PBXShellScriptBuildPhase;
			buildActionMask = 2147483647;
			files = (
			);
			inputPaths = (
			);
			name = "Copy Pods Resources";
			outputPaths = (
			);
			runOnlyForDeploymentPostprocessing = 0;
			shellPath = /bin/sh;
			shellScript = "\"${SRCROOT}/Pods/Target Support Files/Pods-喜马拉雅FM(高仿品)/Pods-喜马拉雅FM(高仿品)-resources.sh\"\n";
			showEnvVarsInLog = 0;
		};
		E0076B3312C5607573673A79 /* Embed Pods Frameworks */ = {
			isa = PBXShellScriptBuildPhase;
			buildActionMask = 2147483647;
			files = (
			);
			inputPaths = (
			);
			name = "Embed Pods Frameworks";
			outputPaths = (
			);
			runOnlyForDeploymentPostprocessing = 0;
			shellPath = /bin/sh;
			shellScript = "\"${SRCROOT}/Pods/Target Support Files/Pods-喜马拉雅FM(高仿品)/Pods-喜马拉雅FM(高仿品)-frameworks.sh\"\n";
			showEnvVarsInLog = 0;
		};
/* End PBXShellScriptBuildPhase section */

/* Begin PBXSourcesBuildPhase section */
		C26B96521BF0B3CC005355A7 /* Sources */ = {
			isa = PBXSourcesBuildPhase;
			buildActionMask = 2147483647;
			files = (
				C29AAA2B1C000B9C0041BC7C /* EditorModel.m in Sources */,
				C2EA1BB41C05D2E8000A4CC3 /* IconNameView.m in Sources */,
				C2902A2F1C02B885001875FA /* HistoryViewController.m in Sources */,
				C209ED921C0049AA00CE5907 /* SpecialMoreViewMoel.m in Sources */,
				C2BB1A681BFCAF5100963584 /* MenusModel.m in Sources */,
				C27242941BFEC9D10082769D /* MoreCategoryCell.m in Sources */,
				C2BB1A621BFC5D6600963584 /* UIView+Extesion.m in Sources */,
				C2CFA7FF1BFAD9E700251B87 /* AnchorModel.m in Sources */,
				C2F21A3C1BF8882500CB5397 /* CategorySpecialCell.m in Sources */,
				C268A9111BF4C50000FEB50C /* MoreButton.m in Sources */,
				C2902A2E1C02B885001875FA /* CollectViewController.m in Sources */,
				C2902A321C02B8E1001875FA /* AlbumViewController.m in Sources */,
				C2EB4EC21BFE0366005115C5 /* JumpViewController.m in Sources */,
				C2567E1E1C0733F600016313 /* TracksViewModel.m in Sources */,
				C26B965E1BF0B3CC005355A7 /* AppDelegate.m in Sources */,
				C26B96C01BF0CEA4005355A7 /* FindTabsNetManager.m in Sources */,
				C2D050DE1BF5C53B002C6F3E /* HomePageViewController.m in Sources */,
				C268A90E1BF4BAC300FEB50C /* TitleView.m in Sources */,
				C26B96A61BF0BC5B005355A7 /* HRSoundViewController.m in Sources */,
				C2902A381C02B93A001875FA /* DownloadingViewController.m in Sources */,
				C2E848E31BF9F6A200366E8A /* CategoryViewModel.m in Sources */,
				C2902A2D1C02B885001875FA /* AttentionViewController.m in Sources */,
				C2E8488A1BF9821B00366E8A /* CategoryButton.m in Sources */,
				C2F21A361BF881BA00CB5397 /* CategoryModel.m in Sources */,
				C231FA4E1BF70FC6001064D1 /* SpecialCell.m in Sources */,
				C29E27301C1711EA0079B1C7 /* ContentShowView.m in Sources */,
				C2CFA7F91BFACD3100251B87 /* AnchorView.m in Sources */,
				C2CFA81D1BFB4C2B00251B87 /* LiveRecommandCell.m in Sources */,
				C2EB4EB01BFDACCB005115C5 /* ContentCategoryModel.m in Sources */,
				C2074A931BF209E00094E70D /* BaseViewModel.m in Sources */,
				C2EA1BB71C05D317000A4CC3 /* DescView.m in Sources */,
				C26B965B1BF0B3CC005355A7 /* main.m in Sources */,
				C2074A9C1BF212CE0094E70D /* LiveViewController.m in Sources */,
				C2902A481C0349CB001875FA /* DestinationModel.m in Sources */,
				C2EB4EBF1BFDE981005115C5 /* MoreCategoryViewModel.m in Sources */,
				C2FB99DA1C04950D0093E1F3 /* AlbumHeaderView.m in Sources */,
				C2CFA8201BFB4C5100251B87 /* LiveTopCell.m in Sources */,
				C2EB4EB91BFDB457005115C5 /* MoreRecommendController.m in Sources */,
				C2EB4EAD1BFD6E8F005115C5 /* MoreViewController.m in Sources */,
				C2EB4EB31BFDB0E1005115C5 /* MoreCategoryViewController.m in Sources */,
				C272429A1BFF501B0082769D /* FocusImageScrollView.m in Sources */,
				C2074A911BF209E00094E70D /* BaseNetManager.m in Sources */,
				C21382371BFAB1E800DD1FB1 /* AnchorCell.m in Sources */,
				C2F21A291BF864BA00CB5397 /* iCarousel.m in Sources */,
				C2EA1BBA1C05E63A000A4CC3 /* PicView.m in Sources */,
				C29AAA311C001A4A0041BC7C /* MoreViewModel.m in Sources */,
				C2902A3F1C0300B0001875FA /* SettingViewController.m in Sources */,
				C2BB1A6E1BFCB13100963584 /* MoreCotentNetManager.m in Sources */,
				C2CFA8021BFADCB200251B87 /* AnchorViewModel.m in Sources */,
				C268A9051BF4A5A900FEB50C /* HomePageNetManager.m in Sources */,
				C2074A8E1BF209E00094E70D /* HRNavigationController.m in Sources */,
				C2902A351C02B90F001875FA /* SoundViewController.m in Sources */,
				C2CFA8051BFB0CA100251B87 /* RankModel.m in Sources */,
				C2CFA80B1BFB153400251B87 /* RankViewModel.m in Sources */,
				C2CFA8171BFB4A2A00251B87 /* LiveViewModel.m in Sources */,
				C2BB1A601BFC5D6600963584 /* NSString+PJR.m in Sources */,
				C209ED8C1C00486B00CE5907 /* SpecialModel.m in Sources */,
				C2FB99DD1C049B890093E1F3 /* SectionView.m in Sources */,
				C268A9081BF4A62200FEB50C /* HomePageModel.m in Sources */,
				C2074A901BF209E00094E70D /* BaseModel.m in Sources */,
				C2D050DB1BF5C0FA002C6F3E /* GuessLikeModel.m in Sources */,
				C2074A991BF212C00094E70D /* CategoryViewController.m in Sources */,
				C2074A9F1BF212FC0094E70D /* AnchorViewController.m in Sources */,
				C29AAA281C000B360041BC7C /* EditorMoreViewController.m in Sources */,
				C268A9021BF4A58200FEB50C /* HomePageViewModel.m in Sources */,
				C29AAA341C001E1B0041BC7C /* EditorCell.m in Sources */,
				C2CFA8081BFB0E9D00251B87 /* RankCell.m in Sources */,
				C2BB1A651BFC5E1F00963584 /* MBProgressHUD+HR.m in Sources */,
				C2E848871BF96E4700366E8A /* CategoryCommonCell.m in Sources */,
				88E72A791C62FA1700D4DA50 /* MusicDetailCell.m in Sources */,
				C26B969A1BF0BBD9005355A7 /* HRMeViewController.m in Sources */,
				C2CFA8141BFB469000251B87 /* LiveModel.m in Sources */,
				C268A90B1BF4A68400FEB50C /* FindTabsModel.m in Sources */,
				C2074A8F1BF209E00094E70D /* HRTabBarController.m in Sources */,
				C2BB1A571BFC2C5D00963584 /* LiveRadioCell.m in Sources */,
				C23417EE1BF35A0700DE52FA /* FindPutCell.m in Sources */,
				C209ED8F1C00494A00CE5907 /* SpecialMoreViewController.m in Sources */,
				C2FB99D71C04793C0093E1F3 /* DestinationViewController.m in Sources */,
				C231FA4B1BF6FF45001064D1 /* DiscoveryCell.m in Sources */,
				C26B96A01BF0BC2F005355A7 /* HRDownloadViewController.m in Sources */,
				C2EB4EBC1BFDB5AD005115C5 /* MoreContentViewModel.m in Sources */,
				C26B96A31BF0BC45005355A7 /* HRFindViewController.m in Sources */,
				C2074A921BF209E00094E70D /* HRPlayView.m in Sources */,
				C2074AA21BF2132C0094E70D /* RankingViewController.m in Sources */,
				C29AAA2E1C00189E0041BC7C /* EditorMoreViewModel.m in Sources */,
				C2BB1A6B1BFCAFC300963584 /* ContentsModel.m in Sources */,
			);
			runOnlyForDeploymentPostprocessing = 0;
		};
/* End PBXSourcesBuildPhase section */

/* Begin PBXVariantGroup section */
		C26B96621BF0B3CC005355A7 /* Main.storyboard */ = {
			isa = PBXVariantGroup;
			children = (
				C26B96631BF0B3CC005355A7 /* Base */,
			);
			name = Main.storyboard;
			path = ..;
			sourceTree = "<group>";
		};
		C26B96671BF0B3CC005355A7 /* LaunchScreen.storyboard */ = {
			isa = PBXVariantGroup;
			children = (
				C26B96681BF0B3CC005355A7 /* Base */,
			);
			name = LaunchScreen.storyboard;
			path = ..;
			sourceTree = "<group>";
		};
/* End PBXVariantGroup section */

/* Begin XCBuildConfiguration section */
		C26B966B1BF0B3CC005355A7 /* Debug */ = {
			isa = XCBuildConfiguration;
			buildSettings = {
				ALWAYS_SEARCH_USER_PATHS = NO;
				CLANG_CXX_LANGUAGE_STANDARD = "gnu++0x";
				CLANG_CXX_LIBRARY = "libc++";
				CLANG_ENABLE_MODULES = YES;
				CLANG_ENABLE_OBJC_ARC = YES;
				CLANG_WARN_BOOL_CONVERSION = YES;
				CLANG_WARN_CONSTANT_CONVERSION = YES;
				CLANG_WARN_DIRECT_OBJC_ISA_USAGE = YES_ERROR;
				CLANG_WARN_EMPTY_BODY = YES;
				CLANG_WARN_ENUM_CONVERSION = YES;
				CLANG_WARN_INT_CONVERSION = YES;
				CLANG_WARN_OBJC_ROOT_CLASS = YES_ERROR;
				CLANG_WARN_UNREACHABLE_CODE = YES;
				CLANG_WARN__DUPLICATE_METHOD_MATCH = YES;
				"CODE_SIGN_IDENTITY[sdk=iphoneos*]" = "iPhone Developer";
				COPY_PHASE_STRIP = NO;
				DEBUG_INFORMATION_FORMAT = dwarf;
				ENABLE_STRICT_OBJC_MSGSEND = YES;
				ENABLE_TESTABILITY = YES;
				GCC_C_LANGUAGE_STANDARD = gnu99;
				GCC_DYNAMIC_NO_PIC = NO;
				GCC_NO_COMMON_BLOCKS = YES;
				GCC_OPTIMIZATION_LEVEL = 0;
				GCC_PREPROCESSOR_DEFINITIONS = (
					"DEBUG=1",
					"$(inherited)",
				);
				GCC_WARN_64_TO_32_BIT_CONVERSION = YES;
				GCC_WARN_ABOUT_RETURN_TYPE = YES_ERROR;
				GCC_WARN_UNDECLARED_SELECTOR = YES;
				GCC_WARN_UNINITIALIZED_AUTOS = YES_AGGRESSIVE;
				GCC_WARN_UNUSED_FUNCTION = YES;
				GCC_WARN_UNUSED_VARIABLE = YES;
				IPHONEOS_DEPLOYMENT_TARGET = 9.1;
				MTL_ENABLE_DEBUG_INFO = YES;
				ONLY_ACTIVE_ARCH = YES;
				SDKROOT = iphoneos;
			};
			name = Debug;
		};
		C26B966C1BF0B3CC005355A7 /* Release */ = {
			isa = XCBuildConfiguration;
			buildSettings = {
				ALWAYS_SEARCH_USER_PATHS = NO;
				CLANG_CXX_LANGUAGE_STANDARD = "gnu++0x";
				CLANG_CXX_LIBRARY = "libc++";
				CLANG_ENABLE_MODULES = YES;
				CLANG_ENABLE_OBJC_ARC = YES;
				CLANG_WARN_BOOL_CONVERSION = YES;
				CLANG_WARN_CONSTANT_CONVERSION = YES;
				CLANG_WARN_DIRECT_OBJC_ISA_USAGE = YES_ERROR;
				CLANG_WARN_EMPTY_BODY = YES;
				CLANG_WARN_ENUM_CONVERSION = YES;
				CLANG_WARN_INT_CONVERSION = YES;
				CLANG_WARN_OBJC_ROOT_CLASS = YES_ERROR;
				CLANG_WARN_UNREACHABLE_CODE = YES;
				CLANG_WARN__DUPLICATE_METHOD_MATCH = YES;
				"CODE_SIGN_IDENTITY[sdk=iphoneos*]" = "iPhone Developer";
				COPY_PHASE_STRIP = NO;
				DEBUG_INFORMATION_FORMAT = "dwarf-with-dsym";
				ENABLE_NS_ASSERTIONS = NO;
				ENABLE_STRICT_OBJC_MSGSEND = YES;
				GCC_C_LANGUAGE_STANDARD = gnu99;
				GCC_NO_COMMON_BLOCKS = YES;
				GCC_WARN_64_TO_32_BIT_CONVERSION = YES;
				GCC_WARN_ABOUT_RETURN_TYPE = YES_ERROR;
				GCC_WARN_UNDECLARED_SELECTOR = YES;
				GCC_WARN_UNINITIALIZED_AUTOS = YES_AGGRESSIVE;
				GCC_WARN_UNUSED_FUNCTION = YES;
				GCC_WARN_UNUSED_VARIABLE = YES;
				IPHONEOS_DEPLOYMENT_TARGET = 9.1;
				MTL_ENABLE_DEBUG_INFO = NO;
				SDKROOT = iphoneos;
				VALIDATE_PRODUCT = YES;
			};
			name = Release;
		};
		C26B966E1BF0B3CC005355A7 /* Debug */ = {
			isa = XCBuildConfiguration;
			baseConfigurationReference = 06CE8AF170C863B14C64F3F2 /* Pods-喜马拉雅FM(高仿品).debug.xcconfig */;
			buildSettings = {
				ASSETCATALOG_COMPILER_APPICON_NAME = AppIcon;
				GCC_PREFIX_HEADER = "喜马拉雅FM(高仿品)/Resource/PrefixHeader.pch";
				INFOPLIST_FILE = "喜马拉雅FM(高仿品)/Info.plist";
				LD_RUNPATH_SEARCH_PATHS = "$(inherited) @executable_path/Frameworks";
				PRODUCT_BUNDLE_IDENTIFIER = "com.huangrongwei.----FM-----";
				PRODUCT_NAME = "$(TARGET_NAME)";
			};
			name = Debug;
		};
		C26B966F1BF0B3CC005355A7 /* Release */ = {
			isa = XCBuildConfiguration;
			baseConfigurationReference = B562FBACC6A279829FE6E3E3 /* Pods-喜马拉雅FM(高仿品).release.xcconfig */;
			buildSettings = {
				ASSETCATALOG_COMPILER_APPICON_NAME = AppIcon;
				GCC_PREFIX_HEADER = "喜马拉雅FM(高仿品)/Resource/PrefixHeader.pch";
				INFOPLIST_FILE = "喜马拉雅FM(高仿品)/Info.plist";
				LD_RUNPATH_SEARCH_PATHS = "$(inherited) @executable_path/Frameworks";
				PRODUCT_BUNDLE_IDENTIFIER = "com.huangrongwei.----FM-----";
				PRODUCT_NAME = "$(TARGET_NAME)";
			};
			name = Release;
		};
/* End XCBuildConfiguration section */

/* Begin XCConfigurationList section */
		C26B96511BF0B3CC005355A7 /* Build configuration list for PBXProject "喜马拉雅FM(高仿品)" */ = {
			isa = XCConfigurationList;
			buildConfigurations = (
				C26B966B1BF0B3CC005355A7 /* Debug */,
				C26B966C1BF0B3CC005355A7 /* Release */,
			);
			defaultConfigurationIsVisible = 0;
			defaultConfigurationName = Release;
		};
		C26B966D1BF0B3CC005355A7 /* Build configuration list for PBXNativeTarget "喜马拉雅FM(高仿品)" */ = {
			isa = XCConfigurationList;
			buildConfigurations = (
				C26B966E1BF0B3CC005355A7 /* Debug */,
				C26B966F1BF0B3CC005355A7 /* Release */,
			);
			defaultConfigurationIsVisible = 0;
			defaultConfigurationName = Release;
		};
/* End XCConfigurationList section */
	};
	rootObject = C26B964E1BF0B3CC005355A7 /* Project object */;
}
